
Microsoft Visual Studio Solution File, Format Version 12.00
# Visual Studio Version 17
VisualStudioVersion = 17.0.31903.59
MinimumVisualStudioVersion = 10.0.40219.1
Project("{FAE04EC0-301F-11D3-BF4B-00C04F79EFBC}") = "Shrooms.Authentification", "Shrooms.Authentification\Shrooms.Authentification.csproj", "{AFB11A2C-6B66-4DC0-B17E-5C44543A7FD2}"
EndProject
Project("{FAE04EC0-301F-11D3-BF4B-00C04F79EFBC}") = "Shrooms.DataLayer", "Shrooms.DataLayer\Shrooms.DataLayer.csproj", "{7AF87F4B-7362-4147-AE1C-8A05E227ADD0}"
EndProject
Project("{FAE04EC0-301F-11D3-BF4B-00C04F79EFBC}") = "Shrooms.DataLayer.EntityModels", "Shrooms.DataLayer.EntityModels\Shrooms.DataLayer.EntityModels.csproj", "{C5D85F0E-E8B9-4705-ACA7-3D6FC4F5C825}"
EndProject
Project("{FAE04EC0-301F-11D3-BF4B-00C04F79EFBC}") = "Shrooms.Contracts", "Shrooms.Contracts\Shrooms.Contracts.csproj", "{9B527458-7716-44E3-BC84-E42E9268CF12}"
EndProject
Project("{FAE04EC0-301F-11D3-BF4B-00C04F79EFBC}") = "Shrooms.Resources", "Shrooms.Resources\Shrooms.Resources.csproj", "{D9247B26-65A8-4B12-BFE2-E2AE17E4057A}"
EndProject
Project("{FAE04EC0-301F-11D3-BF4B-00C04F79EFBC}") = "Shrooms.Contracts.DataTransferObjects", "Shrooms.Contracts.DataTransferObjects\Shrooms.Contracts.DataTransferObjects.csproj", "{C823F3DA-D687-40F2-9AB3-BCA936157269}"
EndProject
Project("{FAE04EC0-301F-11D3-BF4B-00C04F79EFBC}") = "Shrooms.Domain.Exceptions", "Shrooms.Domain.Exceptions\Shrooms.Domain.Exceptions.csproj", "{CB3EF25B-8D9A-47E0-8988-79637C6902DD}"
EndProject
Project("{FAE04EC0-301F-11D3-BF4B-00C04F79EFBC}") = "Shrooms.Domain.ServiceValidators", "Shrooms.Domain.ServiceValidators\Shrooms.Domain.ServiceValidators.csproj", "{463C0A93-8FA2-4053-8772-41E8DA2ACB56}"
EndProject
Project("{FAE04EC0-301F-11D3-BF4B-00C04F79EFBC}") = "Shrooms.Domain", "Shrooms.Domain\Shrooms.Domain.csproj", "{41168994-6019-4362-A3E0-3E188E35563A}"
EndProject
Project("{FAE04EC0-301F-11D3-BF4B-00C04F79EFBC}") = "Shrooms.Infrastructure", "Shrooms.Infrastructure\Shrooms.Infrastructure.csproj", "{04F94EF4-F6BF-4F70-9829-7719C0DC6707}"
EndProject
Project("{FAE04EC0-301F-11D3-BF4B-00C04F79EFBC}") = "Shrooms.IoC", "Shrooms.IoC\Shrooms.IoC.csproj", "{6E972BA4-C333-4441-A9DE-CEDB0AA3C7FF}"
EndProject
Project("{FAE04EC0-301F-11D3-BF4B-00C04F79EFBC}") = "Shrooms.Premium", "Shrooms.Premium\Shrooms.Premium.csproj", "{CE5546D3-8819-4B25-8DDC-B02769BAB42F}"
EndProject
Project("{FAE04EC0-301F-11D3-BF4B-00C04F79EFBC}") = "Shrooms.Presentation.Common", "Shrooms.Presentation.Common\Shrooms.Presentation.Common.csproj", "{F9A800AE-F1FC-428F-9D45-ABAEDEFC78BF}"
EndProject
Project("{FAE04EC0-301F-11D3-BF4B-00C04F79EFBC}") = "Shrooms.Presentation.WebViewModels", "Shrooms.Presentation.WebViewModels\Shrooms.Presentation.WebViewModels.csproj", "{89DACCCF-B7A3-4A22-B9CC-CDF2F2FCC42D}"
EndProject
Project("{FAE04EC0-301F-11D3-BF4B-00C04F79EFBC}") = "Shrooms.Presentation.ModelMappings", "Shrooms.Presentation.ModelMappings\Shrooms.Presentation.ModelMappings.csproj", "{8E045C01-10E3-43F7-B661-073BB4217281}"
EndProject
Project("{FAE04EC0-301F-11D3-BF4B-00C04F79EFBC}") = "Shrooms.Premium.Tests", "Shrooms.Premium.Tests\Shrooms.Premium.Tests.csproj", "{BF77FA0D-51D3-4DB6-9ADE-D5AAD70E2625}"
EndProject
Project("{FAE04EC0-301F-11D3-BF4B-00C04F79EFBC}") = "Shrooms.Tests", "Shrooms.Tests\Shrooms.Tests.csproj", "{093FE583-996B-435C-A4D2-201C94AA71E0}"
EndProject
Project("{FAE04EC0-301F-11D3-BF4B-00C04F79EFBC}") = "Shrooms.Presentation.Api", "Shrooms.Presentation.Api\Shrooms.Presentation.Api.csproj", "{D92E5D79-8D6B-410F-B9FC-0FCE46FBC116}"
EndProject
Project("{FAE04EC0-301F-11D3-BF4B-00C04F79EFBC}") = "Simoona.AppHost", "Simoona.AppHost\Simoona.AppHost.csproj", "{8519D374-692E-4EE5-8FCD-3A64F18CFD03}"
EndProject
Global
	GlobalSection(SolutionConfigurationPlatforms) = preSolution
		Debug|Any CPU = Debug|Any CPU
		Debug|x64 = Debug|x64
		Debug|x86 = Debug|x86
		Release|Any CPU = Release|Any CPU
		Release|x64 = Release|x64
		Release|x86 = Release|x86
	EndGlobalSection
	GlobalSection(ProjectConfigurationPlatforms) = postSolution
		{AFB11A2C-6B66-4DC0-B17E-5C44543A7FD2}.Debug|Any CPU.ActiveCfg = Debug|Any CPU
		{AFB11A2C-6B66-4DC0-B17E-5C44543A7FD2}.Debug|Any CPU.Build.0 = Debug|Any CPU
		{AFB11A2C-6B66-4DC0-B17E-5C44543A7FD2}.Debug|x64.ActiveCfg = Debug|Any CPU
		{AFB11A2C-6B66-4DC0-B17E-5C44543A7FD2}.Debug|x64.Build.0 = Debug|Any CPU
		{AFB11A2C-6B66-4DC0-B17E-5C44543A7FD2}.Debug|x86.ActiveCfg = Debug|Any CPU
		{AFB11A2C-6B66-4DC0-B17E-5C44543A7FD2}.Debug|x86.Build.0 = Debug|Any CPU
		{AFB11A2C-6B66-4DC0-B17E-5C44543A7FD2}.Release|Any CPU.ActiveCfg = Release|Any CPU
		{AFB11A2C-6B66-4DC0-B17E-5C44543A7FD2}.Release|Any CPU.Build.0 = Release|Any CPU
		{AFB11A2C-6B66-4DC0-B17E-5C44543A7FD2}.Release|x64.ActiveCfg = Release|Any CPU
		{AFB11A2C-6B66-4DC0-B17E-5C44543A7FD2}.Release|x64.Build.0 = Release|Any CPU
		{AFB11A2C-6B66-4DC0-B17E-5C44543A7FD2}.Release|x86.ActiveCfg = Release|Any CPU
		{AFB11A2C-6B66-4DC0-B17E-5C44543A7FD2}.Release|x86.Build.0 = Release|Any CPU
		{7AF87F4B-7362-4147-AE1C-8A05E227ADD0}.Debug|Any CPU.ActiveCfg = Debug|Any CPU
		{7AF87F4B-7362-4147-AE1C-8A05E227ADD0}.Debug|Any CPU.Build.0 = Debug|Any CPU
		{7AF87F4B-7362-4147-AE1C-8A05E227ADD0}.Debug|x64.ActiveCfg = Debug|Any CPU
		{7AF87F4B-7362-4147-AE1C-8A05E227ADD0}.Debug|x64.Build.0 = Debug|Any CPU
		{7AF87F4B-7362-4147-AE1C-8A05E227ADD0}.Debug|x86.ActiveCfg = Debug|Any CPU
		{7AF87F4B-7362-4147-AE1C-8A05E227ADD0}.Debug|x86.Build.0 = Debug|Any CPU
		{7AF87F4B-7362-4147-AE1C-8A05E227ADD0}.Release|Any CPU.ActiveCfg = Release|Any CPU
		{7AF87F4B-7362-4147-AE1C-8A05E227ADD0}.Release|Any CPU.Build.0 = Release|Any CPU
		{7AF87F4B-7362-4147-AE1C-8A05E227ADD0}.Release|x64.ActiveCfg = Release|Any CPU
		{7AF87F4B-7362-4147-AE1C-8A05E227ADD0}.Release|x64.Build.0 = Release|Any CPU
		{7AF87F4B-7362-4147-AE1C-8A05E227ADD0}.Release|x86.ActiveCfg = Release|Any CPU
		{7AF87F4B-7362-4147-AE1C-8A05E227ADD0}.Release|x86.Build.0 = Release|Any CPU
		{C5D85F0E-E8B9-4705-ACA7-3D6FC4F5C825}.Debug|Any CPU.ActiveCfg = Debug|Any CPU
		{C5D85F0E-E8B9-4705-ACA7-3D6FC4F5C825}.Debug|Any CPU.Build.0 = Debug|Any CPU
		{C5D85F0E-E8B9-4705-ACA7-3D6FC4F5C825}.Debug|x64.ActiveCfg = Debug|Any CPU
		{C5D85F0E-E8B9-4705-ACA7-3D6FC4F5C825}.Debug|x64.Build.0 = Debug|Any CPU
		{C5D85F0E-E8B9-4705-ACA7-3D6FC4F5C825}.Debug|x86.ActiveCfg = Debug|Any CPU
		{C5D85F0E-E8B9-4705-ACA7-3D6FC4F5C825}.Debug|x86.Build.0 = Debug|Any CPU
		{C5D85F0E-E8B9-4705-ACA7-3D6FC4F5C825}.Release|Any CPU.ActiveCfg = Release|Any CPU
		{C5D85F0E-E8B9-4705-ACA7-3D6FC4F5C825}.Release|Any CPU.Build.0 = Release|Any CPU
		{C5D85F0E-E8B9-4705-ACA7-3D6FC4F5C825}.Release|x64.ActiveCfg = Release|Any CPU
		{C5D85F0E-E8B9-4705-ACA7-3D6FC4F5C825}.Release|x64.Build.0 = Release|Any CPU
		{C5D85F0E-E8B9-4705-ACA7-3D6FC4F5C825}.Release|x86.ActiveCfg = Release|Any CPU
		{C5D85F0E-E8B9-4705-ACA7-3D6FC4F5C825}.Release|x86.Build.0 = Release|Any CPU
		{9B527458-7716-44E3-BC84-E42E9268CF12}.Debug|Any CPU.ActiveCfg = Debug|Any CPU
		{9B527458-7716-44E3-BC84-E42E9268CF12}.Debug|Any CPU.Build.0 = Debug|Any CPU
		{9B527458-7716-44E3-BC84-E42E9268CF12}.Debug|x64.ActiveCfg = Debug|Any CPU
		{9B527458-7716-44E3-BC84-E42E9268CF12}.Debug|x64.Build.0 = Debug|Any CPU
		{9B527458-7716-44E3-BC84-E42E9268CF12}.Debug|x86.ActiveCfg = Debug|Any CPU
		{9B527458-7716-44E3-BC84-E42E9268CF12}.Debug|x86.Build.0 = Debug|Any CPU
		{9B527458-7716-44E3-BC84-E42E9268CF12}.Release|Any CPU.ActiveCfg = Release|Any CPU
		{9B527458-7716-44E3-BC84-E42E9268CF12}.Release|Any CPU.Build.0 = Release|Any CPU
		{9B527458-7716-44E3-BC84-E42E9268CF12}.Release|x64.ActiveCfg = Release|Any CPU
		{9B527458-7716-44E3-BC84-E42E9268CF12}.Release|x64.Build.0 = Release|Any CPU
		{9B527458-7716-44E3-BC84-E42E9268CF12}.Release|x86.ActiveCfg = Release|Any CPU
		{9B527458-7716-44E3-BC84-E42E9268CF12}.Release|x86.Build.0 = Release|Any CPU
		{D9247B26-65A8-4B12-BFE2-E2AE17E4057A}.Debug|Any CPU.ActiveCfg = Debug|Any CPU
		{D9247B26-65A8-4B12-BFE2-E2AE17E4057A}.Debug|Any CPU.Build.0 = Debug|Any CPU
		{D9247B26-65A8-4B12-BFE2-E2AE17E4057A}.Debug|x64.ActiveCfg = Debug|Any CPU
		{D9247B26-65A8-4B12-BFE2-E2AE17E4057A}.Debug|x64.Build.0 = Debug|Any CPU
		{D9247B26-65A8-4B12-BFE2-E2AE17E4057A}.Debug|x86.ActiveCfg = Debug|Any CPU
		{D9247B26-65A8-4B12-BFE2-E2AE17E4057A}.Debug|x86.Build.0 = Debug|Any CPU
		{D9247B26-65A8-4B12-BFE2-E2AE17E4057A}.Release|Any CPU.ActiveCfg = Release|Any CPU
		{D9247B26-65A8-4B12-BFE2-E2AE17E4057A}.Release|Any CPU.Build.0 = Release|Any CPU
		{D9247B26-65A8-4B12-BFE2-E2AE17E4057A}.Release|x64.ActiveCfg = Release|Any CPU
		{D9247B26-65A8-4B12-BFE2-E2AE17E4057A}.Release|x64.Build.0 = Release|Any CPU
		{D9247B26-65A8-4B12-BFE2-E2AE17E4057A}.Release|x86.ActiveCfg = Release|Any CPU
		{D9247B26-65A8-4B12-BFE2-E2AE17E4057A}.Release|x86.Build.0 = Release|Any CPU
		{C823F3DA-D687-40F2-9AB3-BCA936157269}.Debug|Any CPU.ActiveCfg = Debug|Any CPU
		{C823F3DA-D687-40F2-9AB3-BCA936157269}.Debug|Any CPU.Build.0 = Debug|Any CPU
		{C823F3DA-D687-40F2-9AB3-BCA936157269}.Debug|x64.ActiveCfg = Debug|Any CPU
		{C823F3DA-D687-40F2-9AB3-BCA936157269}.Debug|x64.Build.0 = Debug|Any CPU
		{C823F3DA-D687-40F2-9AB3-BCA936157269}.Debug|x86.ActiveCfg = Debug|Any CPU
		{C823F3DA-D687-40F2-9AB3-BCA936157269}.Debug|x86.Build.0 = Debug|Any CPU
		{C823F3DA-D687-40F2-9AB3-BCA936157269}.Release|Any CPU.ActiveCfg = Release|Any CPU
		{C823F3DA-D687-40F2-9AB3-BCA936157269}.Release|Any CPU.Build.0 = Release|Any CPU
		{C823F3DA-D687-40F2-9AB3-BCA936157269}.Release|x64.ActiveCfg = Release|Any CPU
		{C823F3DA-D687-40F2-9AB3-BCA936157269}.Release|x64.Build.0 = Release|Any CPU
		{C823F3DA-D687-40F2-9AB3-BCA936157269}.Release|x86.ActiveCfg = Release|Any CPU
		{C823F3DA-D687-40F2-9AB3-BCA936157269}.Release|x86.Build.0 = Release|Any CPU
		{CB3EF25B-8D9A-47E0-8988-79637C6902DD}.Debug|Any CPU.ActiveCfg = Debug|Any CPU
		{CB3EF25B-8D9A-47E0-8988-79637C6902DD}.Debug|Any CPU.Build.0 = Debug|Any CPU
		{CB3EF25B-8D9A-47E0-8988-79637C6902DD}.Debug|x64.ActiveCfg = Debug|Any CPU
		{CB3EF25B-8D9A-47E0-8988-79637C6902DD}.Debug|x64.Build.0 = Debug|Any CPU
		{CB3EF25B-8D9A-47E0-8988-79637C6902DD}.Debug|x86.ActiveCfg = Debug|Any CPU
		{CB3EF25B-8D9A-47E0-8988-79637C6902DD}.Debug|x86.Build.0 = Debug|Any CPU
		{CB3EF25B-8D9A-47E0-8988-79637C6902DD}.Release|Any CPU.ActiveCfg = Release|Any CPU
		{CB3EF25B-8D9A-47E0-8988-79637C6902DD}.Release|Any CPU.Build.0 = Release|Any CPU
		{CB3EF25B-8D9A-47E0-8988-79637C6902DD}.Release|x64.ActiveCfg = Release|Any CPU
		{CB3EF25B-8D9A-47E0-8988-79637C6902DD}.Release|x64.Build.0 = Release|Any CPU
		{CB3EF25B-8D9A-47E0-8988-79637C6902DD}.Release|x86.ActiveCfg = Release|Any CPU
		{CB3EF25B-8D9A-47E0-8988-79637C6902DD}.Release|x86.Build.0 = Release|Any CPU
		{463C0A93-8FA2-4053-8772-41E8DA2ACB56}.Debug|Any CPU.ActiveCfg = Debug|Any CPU
		{463C0A93-8FA2-4053-8772-41E8DA2ACB56}.Debug|Any CPU.Build.0 = Debug|Any CPU
		{463C0A93-8FA2-4053-8772-41E8DA2ACB56}.Debug|x64.ActiveCfg = Debug|Any CPU
		{463C0A93-8FA2-4053-8772-41E8DA2ACB56}.Debug|x64.Build.0 = Debug|Any CPU
		{463C0A93-8FA2-4053-8772-41E8DA2ACB56}.Debug|x86.ActiveCfg = Debug|Any CPU
		{463C0A93-8FA2-4053-8772-41E8DA2ACB56}.Debug|x86.Build.0 = Debug|Any CPU
		{463C0A93-8FA2-4053-8772-41E8DA2ACB56}.Release|Any CPU.ActiveCfg = Release|Any CPU
		{463C0A93-8FA2-4053-8772-41E8DA2ACB56}.Release|Any CPU.Build.0 = Release|Any CPU
		{463C0A93-8FA2-4053-8772-41E8DA2ACB56}.Release|x64.ActiveCfg = Release|Any CPU
		{463C0A93-8FA2-4053-8772-41E8DA2ACB56}.Release|x64.Build.0 = Release|Any CPU
		{463C0A93-8FA2-4053-8772-41E8DA2ACB56}.Release|x86.ActiveCfg = Release|Any CPU
		{463C0A93-8FA2-4053-8772-41E8DA2ACB56}.Release|x86.Build.0 = Release|Any CPU
		{41168994-6019-4362-A3E0-3E188E35563A}.Debug|Any CPU.ActiveCfg = Debug|Any CPU
		{41168994-6019-4362-A3E0-3E188E35563A}.Debug|Any CPU.Build.0 = Debug|Any CPU
		{41168994-6019-4362-A3E0-3E188E35563A}.Debug|x64.ActiveCfg = Debug|Any CPU
		{41168994-6019-4362-A3E0-3E188E35563A}.Debug|x64.Build.0 = Debug|Any CPU
		{41168994-6019-4362-A3E0-3E188E35563A}.Debug|x86.ActiveCfg = Debug|Any CPU
		{41168994-6019-4362-A3E0-3E188E35563A}.Debug|x86.Build.0 = Debug|Any CPU
		{41168994-6019-4362-A3E0-3E188E35563A}.Release|Any CPU.ActiveCfg = Release|Any CPU
		{41168994-6019-4362-A3E0-3E188E35563A}.Release|Any CPU.Build.0 = Release|Any CPU
		{41168994-6019-4362-A3E0-3E188E35563A}.Release|x64.ActiveCfg = Release|Any CPU
		{41168994-6019-4362-A3E0-3E188E35563A}.Release|x64.Build.0 = Release|Any CPU
		{41168994-6019-4362-A3E0-3E188E35563A}.Release|x86.ActiveCfg = Release|Any CPU
		{41168994-6019-4362-A3E0-3E188E35563A}.Release|x86.Build.0 = Release|Any CPU
		{04F94EF4-F6BF-4F70-9829-7719C0DC6707}.Debug|Any CPU.ActiveCfg = Debug|Any CPU
		{04F94EF4-F6BF-4F70-9829-7719C0DC6707}.Debug|Any CPU.Build.0 = Debug|Any CPU
		{04F94EF4-F6BF-4F70-9829-7719C0DC6707}.Debug|x64.ActiveCfg = Debug|Any CPU
		{04F94EF4-F6BF-4F70-9829-7719C0DC6707}.Debug|x64.Build.0 = Debug|Any CPU
		{04F94EF4-F6BF-4F70-9829-7719C0DC6707}.Debug|x86.ActiveCfg = Debug|Any CPU
		{04F94EF4-F6BF-4F70-9829-7719C0DC6707}.Debug|x86.Build.0 = Debug|Any CPU
		{04F94EF4-F6BF-4F70-9829-7719C0DC6707}.Release|Any CPU.ActiveCfg = Release|Any CPU
		{04F94EF4-F6BF-4F70-9829-7719C0DC6707}.Release|Any CPU.Build.0 = Release|Any CPU
		{04F94EF4-F6BF-4F70-9829-7719C0DC6707}.Release|x64.ActiveCfg = Release|Any CPU
		{04F94EF4-F6BF-4F70-9829-7719C0DC6707}.Release|x64.Build.0 = Release|Any CPU
		{04F94EF4-F6BF-4F70-9829-7719C0DC6707}.Release|x86.ActiveCfg = Release|Any CPU
		{04F94EF4-F6BF-4F70-9829-7719C0DC6707}.Release|x86.Build.0 = Release|Any CPU
		{6E972BA4-C333-4441-A9DE-CEDB0AA3C7FF}.Debug|Any CPU.ActiveCfg = Debug|Any CPU
		{6E972BA4-C333-4441-A9DE-CEDB0AA3C7FF}.Debug|Any CPU.Build.0 = Debug|Any CPU
		{6E972BA4-C333-4441-A9DE-CEDB0AA3C7FF}.Debug|x64.ActiveCfg = Debug|Any CPU
		{6E972BA4-C333-4441-A9DE-CEDB0AA3C7FF}.Debug|x64.Build.0 = Debug|Any CPU
		{6E972BA4-C333-4441-A9DE-CEDB0AA3C7FF}.Debug|x86.ActiveCfg = Debug|Any CPU
		{6E972BA4-C333-4441-A9DE-CEDB0AA3C7FF}.Debug|x86.Build.0 = Debug|Any CPU
		{6E972BA4-C333-4441-A9DE-CEDB0AA3C7FF}.Release|Any CPU.ActiveCfg = Release|Any CPU
		{6E972BA4-C333-4441-A9DE-CEDB0AA3C7FF}.Release|Any CPU.Build.0 = Release|Any CPU
		{6E972BA4-C333-4441-A9DE-CEDB0AA3C7FF}.Release|x64.ActiveCfg = Release|Any CPU
		{6E972BA4-C333-4441-A9DE-CEDB0AA3C7FF}.Release|x64.Build.0 = Release|Any CPU
		{6E972BA4-C333-4441-A9DE-CEDB0AA3C7FF}.Release|x86.ActiveCfg = Release|Any CPU
		{6E972BA4-C333-4441-A9DE-CEDB0AA3C7FF}.Release|x86.Build.0 = Release|Any CPU
		{CE5546D3-8819-4B25-8DDC-B02769BAB42F}.Debug|Any CPU.ActiveCfg = Debug|Any CPU
		{CE5546D3-8819-4B25-8DDC-B02769BAB42F}.Debug|Any CPU.Build.0 = Debug|Any CPU
		{CE5546D3-8819-4B25-8DDC-B02769BAB42F}.Debug|x64.ActiveCfg = Debug|Any CPU
		{CE5546D3-8819-4B25-8DDC-B02769BAB42F}.Debug|x64.Build.0 = Debug|Any CPU
		{CE5546D3-8819-4B25-8DDC-B02769BAB42F}.Debug|x86.ActiveCfg = Debug|Any CPU
		{CE5546D3-8819-4B25-8DDC-B02769BAB42F}.Debug|x86.Build.0 = Debug|Any CPU
		{CE5546D3-8819-4B25-8DDC-B02769BAB42F}.Release|Any CPU.ActiveCfg = Release|Any CPU
		{CE5546D3-8819-4B25-8DDC-B02769BAB42F}.Release|Any CPU.Build.0 = Release|Any CPU
		{CE5546D3-8819-4B25-8DDC-B02769BAB42F}.Release|x64.ActiveCfg = Release|Any CPU
		{CE5546D3-8819-4B25-8DDC-B02769BAB42F}.Release|x64.Build.0 = Release|Any CPU
		{CE5546D3-8819-4B25-8DDC-B02769BAB42F}.Release|x86.ActiveCfg = Release|Any CPU
		{CE5546D3-8819-4B25-8DDC-B02769BAB42F}.Release|x86.Build.0 = Release|Any CPU
		{F9A800AE-F1FC-428F-9D45-ABAEDEFC78BF}.Debug|Any CPU.ActiveCfg = Debug|Any CPU
		{F9A800AE-F1FC-428F-9D45-ABAEDEFC78BF}.Debug|Any CPU.Build.0 = Debug|Any CPU
		{F9A800AE-F1FC-428F-9D45-ABAEDEFC78BF}.Debug|x64.ActiveCfg = Debug|Any CPU
		{F9A800AE-F1FC-428F-9D45-ABAEDEFC78BF}.Debug|x64.Build.0 = Debug|Any CPU
		{F9A800AE-F1FC-428F-9D45-ABAEDEFC78BF}.Debug|x86.ActiveCfg = Debug|Any CPU
		{F9A800AE-F1FC-428F-9D45-ABAEDEFC78BF}.Debug|x86.Build.0 = Debug|Any CPU
		{F9A800AE-F1FC-428F-9D45-ABAEDEFC78BF}.Release|Any CPU.ActiveCfg = Release|Any CPU
		{F9A800AE-F1FC-428F-9D45-ABAEDEFC78BF}.Release|Any CPU.Build.0 = Release|Any CPU
		{F9A800AE-F1FC-428F-9D45-ABAEDEFC78BF}.Release|x64.ActiveCfg = Release|Any CPU
		{F9A800AE-F1FC-428F-9D45-ABAEDEFC78BF}.Release|x64.Build.0 = Release|Any CPU
		{F9A800AE-F1FC-428F-9D45-ABAEDEFC78BF}.Release|x86.ActiveCfg = Release|Any CPU
		{F9A800AE-F1FC-428F-9D45-ABAEDEFC78BF}.Release|x86.Build.0 = Release|Any CPU
		{89DACCCF-B7A3-4A22-B9CC-CDF2F2FCC42D}.Debug|Any CPU.ActiveCfg = Debug|Any CPU
		{89DACCCF-B7A3-4A22-B9CC-CDF2F2FCC42D}.Debug|Any CPU.Build.0 = Debug|Any CPU
		{89DACCCF-B7A3-4A22-B9CC-CDF2F2FCC42D}.Debug|x64.ActiveCfg = Debug|Any CPU
		{89DACCCF-B7A3-4A22-B9CC-CDF2F2FCC42D}.Debug|x64.Build.0 = Debug|Any CPU
		{89DACCCF-B7A3-4A22-B9CC-CDF2F2FCC42D}.Debug|x86.ActiveCfg = Debug|Any CPU
		{89DACCCF-B7A3-4A22-B9CC-CDF2F2FCC42D}.Debug|x86.Build.0 = Debug|Any CPU
		{89DACCCF-B7A3-4A22-B9CC-CDF2F2FCC42D}.Release|Any CPU.ActiveCfg = Release|Any CPU
		{89DACCCF-B7A3-4A22-B9CC-CDF2F2FCC42D}.Release|Any CPU.Build.0 = Release|Any CPU
		{89DACCCF-B7A3-4A22-B9CC-CDF2F2FCC42D}.Release|x64.ActiveCfg = Release|Any CPU
		{89DACCCF-B7A3-4A22-B9CC-CDF2F2FCC42D}.Release|x64.Build.0 = Release|Any CPU
		{89DACCCF-B7A3-4A22-B9CC-CDF2F2FCC42D}.Release|x86.ActiveCfg = Release|Any CPU
		{89DACCCF-B7A3-4A22-B9CC-CDF2F2FCC42D}.Release|x86.Build.0 = Release|Any CPU
		{8E045C01-10E3-43F7-B661-073BB4217281}.Debug|Any CPU.ActiveCfg = Debug|Any CPU
		{8E045C01-10E3-43F7-B661-073BB4217281}.Debug|Any CPU.Build.0 = Debug|Any CPU
		{8E045C01-10E3-43F7-B661-073BB4217281}.Debug|x64.ActiveCfg = Debug|Any CPU
		{8E045C01-10E3-43F7-B661-073BB4217281}.Debug|x64.Build.0 = Debug|Any CPU
		{8E045C01-10E3-43F7-B661-073BB4217281}.Debug|x86.ActiveCfg = Debug|Any CPU
		{8E045C01-10E3-43F7-B661-073BB4217281}.Debug|x86.Build.0 = Debug|Any CPU
		{8E045C01-10E3-43F7-B661-073BB4217281}.Release|Any CPU.ActiveCfg = Release|Any CPU
		{8E045C01-10E3-43F7-B661-073BB4217281}.Release|Any CPU.Build.0 = Release|Any CPU
		{8E045C01-10E3-43F7-B661-073BB4217281}.Release|x64.ActiveCfg = Release|Any CPU
		{8E045C01-10E3-43F7-B661-073BB4217281}.Release|x64.Build.0 = Release|Any CPU
		{8E045C01-10E3-43F7-B661-073BB4217281}.Release|x86.ActiveCfg = Release|Any CPU
		{8E045C01-10E3-43F7-B661-073BB4217281}.Release|x86.Build.0 = Release|Any CPU
		{BF77FA0D-51D3-4DB6-9ADE-D5AAD70E2625}.Debug|Any CPU.ActiveCfg = Debug|Any CPU
		{BF77FA0D-51D3-4DB6-9ADE-D5AAD70E2625}.Debug|Any CPU.Build.0 = Debug|Any CPU
		{BF77FA0D-51D3-4DB6-9ADE-D5AAD70E2625}.Debug|x64.ActiveCfg = Debug|Any CPU
		{BF77FA0D-51D3-4DB6-9ADE-D5AAD70E2625}.Debug|x64.Build.0 = Debug|Any CPU
		{BF77FA0D-51D3-4DB6-9ADE-D5AAD70E2625}.Debug|x86.ActiveCfg = Debug|Any CPU
		{BF77FA0D-51D3-4DB6-9ADE-D5AAD70E2625}.Debug|x86.Build.0 = Debug|Any CPU
		{BF77FA0D-51D3-4DB6-9ADE-D5AAD70E2625}.Release|Any CPU.ActiveCfg = Release|Any CPU
		{BF77FA0D-51D3-4DB6-9ADE-D5AAD70E2625}.Release|Any CPU.Build.0 = Release|Any CPU
		{BF77FA0D-51D3-4DB6-9ADE-D5AAD70E2625}.Release|x64.ActiveCfg = Release|Any CPU
		{BF77FA0D-51D3-4DB6-9ADE-D5AAD70E2625}.Release|x64.Build.0 = Release|Any CPU
		{BF77FA0D-51D3-4DB6-9ADE-D5AAD70E2625}.Release|x86.ActiveCfg = Release|Any CPU
		{BF77FA0D-51D3-4DB6-9ADE-D5AAD70E2625}.Release|x86.Build.0 = Release|Any CPU
		{093FE583-996B-435C-A4D2-201C94AA71E0}.Debug|Any CPU.ActiveCfg = Debug|Any CPU
		{093FE583-996B-435C-A4D2-201C94AA71E0}.Debug|Any CPU.Build.0 = Debug|Any CPU
		{093FE583-996B-435C-A4D2-201C94AA71E0}.Debug|x64.ActiveCfg = Debug|Any CPU
		{093FE583-996B-435C-A4D2-201C94AA71E0}.Debug|x64.Build.0 = Debug|Any CPU
		{093FE583-996B-435C-A4D2-201C94AA71E0}.Debug|x86.ActiveCfg = Debug|Any CPU
		{093FE583-996B-435C-A4D2-201C94AA71E0}.Debug|x86.Build.0 = Debug|Any CPU
		{093FE583-996B-435C-A4D2-201C94AA71E0}.Release|Any CPU.ActiveCfg = Release|Any CPU
		{093FE583-996B-435C-A4D2-201C94AA71E0}.Release|Any CPU.Build.0 = Release|Any CPU
		{093FE583-996B-435C-A4D2-201C94AA71E0}.Release|x64.ActiveCfg = Release|Any CPU
		{093FE583-996B-435C-A4D2-201C94AA71E0}.Release|x64.Build.0 = Release|Any CPU
		{093FE583-996B-435C-A4D2-201C94AA71E0}.Release|x86.ActiveCfg = Release|Any CPU
		{093FE583-996B-435C-A4D2-201C94AA71E0}.Release|x86.Build.0 = Release|Any CPU
		{D92E5D79-8D6B-410F-B9FC-0FCE46FBC116}.Debug|Any CPU.ActiveCfg = Debug|Any CPU
		{D92E5D79-8D6B-410F-B9FC-0FCE46FBC116}.Debug|Any CPU.Build.0 = Debug|Any CPU
		{D92E5D79-8D6B-410F-B9FC-0FCE46FBC116}.Debug|x64.ActiveCfg = Debug|Any CPU
		{D92E5D79-8D6B-410F-B9FC-0FCE46FBC116}.Debug|x64.Build.0 = Debug|Any CPU
		{D92E5D79-8D6B-410F-B9FC-0FCE46FBC116}.Debug|x86.ActiveCfg = Debug|Any CPU
		{D92E5D79-8D6B-410F-B9FC-0FCE46FBC116}.Debug|x86.Build.0 = Debug|Any CPU
		{D92E5D79-8D6B-410F-B9FC-0FCE46FBC116}.Release|Any CPU.ActiveCfg = Release|Any CPU
		{D92E5D79-8D6B-410F-B9FC-0FCE46FBC116}.Release|Any CPU.Build.0 = Release|Any CPU
		{D92E5D79-8D6B-410F-B9FC-0FCE46FBC116}.Release|x64.ActiveCfg = Release|Any CPU
		{D92E5D79-8D6B-410F-B9FC-0FCE46FBC116}.Release|x64.Build.0 = Release|Any CPU
		{D92E5D79-8D6B-410F-B9FC-0FCE46FBC116}.Release|x86.ActiveCfg = Release|Any CPU
		{D92E5D79-8D6B-410F-B9FC-0FCE46FBC116}.Release|x86.Build.0 = Release|Any CPU
		{8519D374-692E-4EE5-8FCD-3A64F18CFD03}.Debug|Any CPU.ActiveCfg = Debug|Any CPU
		{8519D374-692E-4EE5-8FCD-3A64F18CFD03}.Debug|Any CPU.Build.0 = Debug|Any CPU
		{8519D374-692E-4EE5-8FCD-3A64F18CFD03}.Debug|x64.ActiveCfg = Debug|Any CPU
		{8519D374-692E-4EE5-8FCD-3A64F18CFD03}.Debug|x64.Build.0 = Debug|Any CPU
		{8519D374-692E-4EE5-8FCD-3A64F18CFD03}.Debug|x86.ActiveCfg = Debug|Any CPU
		{8519D374-692E-4EE5-8FCD-3A64F18CFD03}.Debug|x86.Build.0 = Debug|Any CPU
		{8519D374-692E-4EE5-8FCD-3A64F18CFD03}.Release|Any CPU.ActiveCfg = Release|Any CPU
		{8519D374-692E-4EE5-8FCD-3A64F18CFD03}.Release|Any CPU.Build.0 = Release|Any CPU
		{8519D374-692E-4EE5-8FCD-3A64F18CFD03}.Release|x64.ActiveCfg = Release|Any CPU
		{8519D374-692E-4EE5-8FCD-3A64F18CFD03}.Release|x64.Build.0 = Release|Any CPU
		{8519D374-692E-4EE5-8FCD-3A64F18CFD03}.Release|x86.ActiveCfg = Release|Any CPU
		{8519D374-692E-4EE5-8FCD-3A64F18CFD03}.Release|x86.Build.0 = Release|Any CPU
	EndGlobalSection
	GlobalSection(SolutionProperties) = preSolution
		HideSolutionNode = FALSE
	EndGlobalSection
EndGlobal
