
Microsoft Visual Studio Solution File, Format Version 12.00
# Visual Studio Version 16
VisualStudioVersion = 16.0.28803.352
MinimumVisualStudioVersion = 10.0.40219.1
Project("{FAE04EC0-301F-11D3-BF4B-00C04F79EFBC}") = "Shrooms.Authentification", "..\open-source\src\api\Shrooms.Authentification\Shrooms.Authentification.csproj", "{DA661AA0-3313-4C2D-81A9-C1A2B74F7317}"
EndProject
Project("{FAE04EC0-301F-11D3-BF4B-00C04F79EFBC}") = "Shrooms.Infrastructure", "..\open-source\src\api\Shrooms.Infrastructure\Shrooms.Infrastructure.csproj", "{D9C5606D-3855-44A0-BDB3-98D963D63FCF}"
EndProject
Project("{FAE04EC0-301F-11D3-BF4B-00C04F79EFBC}") = "Shrooms.IoC", "..\open-source\src\api\Shrooms.IoC\Shrooms.IoC.csproj", "{6E972BA4-C333-4441-A9DE-CEDB0AA3C7FF}"
EndProject
Project("{FAE04EC0-301F-11D3-BF4B-00C04F79EFBC}") = "Shrooms.Presentation.ModelMappings", "..\open-source\src\api\Shrooms.Presentation.ModelMappings\Shrooms.Presentation.ModelMappings.csproj", "{550F0C4A-34AB-49E5-83DD-19D3D77AF3C5}"
EndProject
Project("{FAE04EC0-301F-11D3-BF4B-00C04F79EFBC}") = "Shrooms.Contracts.DataTransferObjects", "..\open-source\src\api\Shrooms.Contracts.DataTransferObjects\Shrooms.Contracts.DataTransferObjects.csproj", "{6611930D-880E-455C-8681-E0E2A33CF5A9}"
EndProject
Project("{FAE04EC0-301F-11D3-BF4B-00C04F79EFBC}") = "Shrooms.Domain.Exceptions", "..\open-source\src\api\Shrooms.Domain.Exceptions\Shrooms.Domain.Exceptions.csproj", "{8B48F02F-79E6-45CF-8DE3-BF9085D4C3A2}"
EndProject
Project("{FAE04EC0-301F-11D3-BF4B-00C04F79EFBC}") = "Shrooms.Domain.ServiceValidators", "..\open-source\src\api\Shrooms.Domain.ServiceValidators\Shrooms.Domain.ServiceValidators.csproj", "{3D4343C8-1CF9-4AAB-B458-C2AC52E4A47A}"
EndProject
Project("{FAE04EC0-301F-11D3-BF4B-00C04F79EFBC}") = "Shrooms.Domain", "..\open-source\src\api\Shrooms.Domain\Shrooms.Domain.csproj", "{F75814B0-ADE3-4E55-B44D-2EE966C41344}"
EndProject
Project("{FAE04EC0-301F-11D3-BF4B-00C04F79EFBC}") = "Shrooms.DataLayer", "..\open-source\src\api\Shrooms.DataLayer\Shrooms.DataLayer.csproj", "{AFFE7B8B-3294-4DD3-990D-7DA5E256C987}"
EndProject
Project("{FAE04EC0-301F-11D3-BF4B-00C04F79EFBC}") = "Shrooms.DataLayer.EntityModels", "..\open-source\src\api\Shrooms.DataLayer.EntityModels\Shrooms.DataLayer.EntityModels.csproj", "{8AD6F857-708C-4B5E-98BC-B3206E7DD918}"
EndProject
Project("{FAE04EC0-301F-11D3-BF4B-00C04F79EFBC}") = "Shrooms.Presentation.WebViewModels", "..\open-source\src\api\Shrooms.Presentation.WebViewModels\Shrooms.Presentation.WebViewModels.csproj", "{1F63D29F-E593-47F0-A304-54D62CC1AD2B}"
EndProject
Project("{FAE04EC0-301F-11D3-BF4B-00C04F79EFBC}") = "Shrooms.Resources", "..\open-source\src\api\Shrooms.Resources\Shrooms.Resources.csproj", "{C6FC692B-DFAD-4ED5-86D5-8000DBD06B02}"
EndProject
Project("{FAE04EC0-301F-11D3-BF4B-00C04F79EFBC}") = "Shrooms.Tests", "..\open-source\src\api\Shrooms.Tests\Shrooms.Tests.csproj", "{093FE583-996B-435C-A4D2-201C94AA71E0}"
EndProject
Project("{FAE04EC0-301F-11D3-BF4B-00C04F79EFBC}") = "Shrooms.Presentation.Api", "..\open-source\src\api\Shrooms.Presentation.Api\Shrooms.Presentation.Api.csproj", "{D92E5D79-8D6B-410F-B9FC-0FCE46FBC116}"
EndProject
Project("{2150E333-8FDC-42A3-9474-1A3956D46DE8}") = "Premium", "Premium", "{F5595798-28B5-44CA-AFE8-679919396C33}"
EndProject
Project("{FAE04EC0-301F-11D3-BF4B-00C04F79EFBC}") = "Shrooms.Premium", "Shrooms.Premium\Shrooms.Premium.csproj", "{CE5546D3-8819-4B25-8DDC-B02769BAB42F}"
	ProjectSection(ProjectDependencies) = postProject
		{8B48F02F-79E6-45CF-8DE3-BF9085D4C3A2} = {8B48F02F-79E6-45CF-8DE3-BF9085D4C3A2}
		{D92E5D79-8D6B-410F-B9FC-0FCE46FBC116} = {D92E5D79-8D6B-410F-B9FC-0FCE46FBC116}
		{DA661AA0-3313-4C2D-81A9-C1A2B74F7317} = {DA661AA0-3313-4C2D-81A9-C1A2B74F7317}
		{E07394B9-558C-4A70-9926-6400ABB0FB5D} = {E07394B9-558C-4A70-9926-6400ABB0FB5D}
		{3D4343C8-1CF9-4AAB-B458-C2AC52E4A47A} = {3D4343C8-1CF9-4AAB-B458-C2AC52E4A47A}
	EndProjectSection
EndProject
Project("{FAE04EC0-301F-11D3-BF4B-00C04F79EFBC}") = "Shrooms.Premium.UnitTests", "Shrooms.Premium.UnitTests\Shrooms.Premium.UnitTests.csproj", "{BF77FA0D-51D3-4DB6-9ADE-D5AAD70E2625}"
	ProjectSection(ProjectDependencies) = postProject
		{093FE583-996B-435C-A4D2-201C94AA71E0} = {093FE583-996B-435C-A4D2-201C94AA71E0}
	EndProjectSection
EndProject
Project("{2150E333-8FDC-42A3-9474-1A3956D46DE8}") = "Open-source", "Open-source", "{BC89A2FB-8005-4D1F-A108-79F5759313A3}"
EndProject
Project("{FAE04EC0-301F-11D3-BF4B-00C04F79EFBC}") = "Shrooms.Contracts", "..\open-source\src\api\Shrooms.Contracts\Shrooms.Contracts.csproj", "{E690CEB8-F266-441F-8A80-5A3440B3445A}"
EndProject
Project("{2150E333-8FDC-42A3-9474-1A3956D46DE8}") = "90. Tests", "90. Tests", "{836C79A9-7F69-4504-A7AF-4B0EC58FED34}"
EndProject
Project("{2150E333-8FDC-42A3-9474-1A3956D46DE8}") = "20. Infrastructure", "20. Infrastructure", "{9C69F9C5-E93B-4FAE-85B4-8D02CA370787}"
EndProject
Project("{2150E333-8FDC-42A3-9474-1A3956D46DE8}") = "10. Contracts", "10. Contracts", "{70049733-8ED2-403C-B6C7-31A4755073B6}"
EndProject
Project("{2150E333-8FDC-42A3-9474-1A3956D46DE8}") = "11. Resources", "11. Resources", "{0B03844E-51DD-4B5B-BF22-DA33D4035760}"
EndProject
Project("{2150E333-8FDC-42A3-9474-1A3956D46DE8}") = "30. DataLayer", "30. DataLayer", "{E74075A8-3BF4-49FD-BA5E-07813FC9BA09}"
EndProject
Project("{2150E333-8FDC-42A3-9474-1A3956D46DE8}") = "40. Domain", "40. Domain", "{2A676F8B-8BB3-4F3A-8940-F9330576C857}"
EndProject
Project("{2150E333-8FDC-42A3-9474-1A3956D46DE8}") = "60. Presentation", "60. Presentation", "{4F02D4C5-130A-4B3B-B633-414D25A845D8}"
EndProject
Project("{2150E333-8FDC-42A3-9474-1A3956D46DE8}") = "35. Authentification", "35. Authentification", "{EBB969E9-CF71-48A1-9BDB-23FB576490C8}"
EndProject
Project("{2150E333-8FDC-42A3-9474-1A3956D46DE8}") = "50. CompositionRoot", "50. CompositionRoot", "{12541BC1-1ED3-424B-B12B-A9B65BA44390}"
EndProject
Global
	GlobalSection(SolutionConfigurationPlatforms) = preSolution
		Debug|Any CPU = Debug|Any CPU
		Release|Any CPU = Release|Any CPU
	EndGlobalSection
	GlobalSection(ProjectConfigurationPlatforms) = postSolution
		{DA661AA0-3313-4C2D-81A9-C1A2B74F7317}.Debug|Any CPU.ActiveCfg = Debug|Any CPU
		{DA661AA0-3313-4C2D-81A9-C1A2B74F7317}.Debug|Any CPU.Build.0 = Debug|Any CPU
		{DA661AA0-3313-4C2D-81A9-C1A2B74F7317}.Release|Any CPU.ActiveCfg = Release|Any CPU
		{DA661AA0-3313-4C2D-81A9-C1A2B74F7317}.Release|Any CPU.Build.0 = Release|Any CPU
		{D9C5606D-3855-44A0-BDB3-98D963D63FCF}.Debug|Any CPU.ActiveCfg = Debug|Any CPU
		{D9C5606D-3855-44A0-BDB3-98D963D63FCF}.Debug|Any CPU.Build.0 = Debug|Any CPU
		{D9C5606D-3855-44A0-BDB3-98D963D63FCF}.Release|Any CPU.ActiveCfg = Release|Any CPU
		{D9C5606D-3855-44A0-BDB3-98D963D63FCF}.Release|Any CPU.Build.0 = Release|Any CPU
		{6E972BA4-C333-4441-A9DE-CEDB0AA3C7FF}.Debug|Any CPU.ActiveCfg = Debug|Any CPU
		{6E972BA4-C333-4441-A9DE-CEDB0AA3C7FF}.Debug|Any CPU.Build.0 = Debug|Any CPU
		{6E972BA4-C333-4441-A9DE-CEDB0AA3C7FF}.Release|Any CPU.ActiveCfg = Release|Any CPU
		{6E972BA4-C333-4441-A9DE-CEDB0AA3C7FF}.Release|Any CPU.Build.0 = Release|Any CPU
		{550F0C4A-34AB-49E5-83DD-19D3D77AF3C5}.Debug|Any CPU.ActiveCfg = Debug|Any CPU
		{550F0C4A-34AB-49E5-83DD-19D3D77AF3C5}.Debug|Any CPU.Build.0 = Debug|Any CPU
		{550F0C4A-34AB-49E5-83DD-19D3D77AF3C5}.Release|Any CPU.ActiveCfg = Release|Any CPU
		{550F0C4A-34AB-49E5-83DD-19D3D77AF3C5}.Release|Any CPU.Build.0 = Release|Any CPU
		{6611930D-880E-455C-8681-E0E2A33CF5A9}.Debug|Any CPU.ActiveCfg = Debug|Any CPU
		{6611930D-880E-455C-8681-E0E2A33CF5A9}.Debug|Any CPU.Build.0 = Debug|Any CPU
		{6611930D-880E-455C-8681-E0E2A33CF5A9}.Release|Any CPU.ActiveCfg = Release|Any CPU
		{6611930D-880E-455C-8681-E0E2A33CF5A9}.Release|Any CPU.Build.0 = Release|Any CPU
		{8B48F02F-79E6-45CF-8DE3-BF9085D4C3A2}.Debug|Any CPU.ActiveCfg = Debug|Any CPU
		{8B48F02F-79E6-45CF-8DE3-BF9085D4C3A2}.Debug|Any CPU.Build.0 = Debug|Any CPU
		{8B48F02F-79E6-45CF-8DE3-BF9085D4C3A2}.Release|Any CPU.ActiveCfg = Release|Any CPU
		{8B48F02F-79E6-45CF-8DE3-BF9085D4C3A2}.Release|Any CPU.Build.0 = Release|Any CPU
		{3D4343C8-1CF9-4AAB-B458-C2AC52E4A47A}.Debug|Any CPU.ActiveCfg = Debug|Any CPU
		{3D4343C8-1CF9-4AAB-B458-C2AC52E4A47A}.Debug|Any CPU.Build.0 = Debug|Any CPU
		{3D4343C8-1CF9-4AAB-B458-C2AC52E4A47A}.Release|Any CPU.ActiveCfg = Release|Any CPU
		{3D4343C8-1CF9-4AAB-B458-C2AC52E4A47A}.Release|Any CPU.Build.0 = Release|Any CPU
		{F75814B0-ADE3-4E55-B44D-2EE966C41344}.Debug|Any CPU.ActiveCfg = Debug|Any CPU
		{F75814B0-ADE3-4E55-B44D-2EE966C41344}.Debug|Any CPU.Build.0 = Debug|Any CPU
		{F75814B0-ADE3-4E55-B44D-2EE966C41344}.Release|Any CPU.ActiveCfg = Release|Any CPU
		{F75814B0-ADE3-4E55-B44D-2EE966C41344}.Release|Any CPU.Build.0 = Release|Any CPU
		{AFFE7B8B-3294-4DD3-990D-7DA5E256C987}.Debug|Any CPU.ActiveCfg = Debug|Any CPU
		{AFFE7B8B-3294-4DD3-990D-7DA5E256C987}.Debug|Any CPU.Build.0 = Debug|Any CPU
		{AFFE7B8B-3294-4DD3-990D-7DA5E256C987}.Release|Any CPU.ActiveCfg = Release|Any CPU
		{AFFE7B8B-3294-4DD3-990D-7DA5E256C987}.Release|Any CPU.Build.0 = Release|Any CPU
		{8AD6F857-708C-4B5E-98BC-B3206E7DD918}.Debug|Any CPU.ActiveCfg = Debug|Any CPU
		{8AD6F857-708C-4B5E-98BC-B3206E7DD918}.Debug|Any CPU.Build.0 = Debug|Any CPU
		{8AD6F857-708C-4B5E-98BC-B3206E7DD918}.Release|Any CPU.ActiveCfg = Release|Any CPU
		{8AD6F857-708C-4B5E-98BC-B3206E7DD918}.Release|Any CPU.Build.0 = Release|Any CPU
		{1F63D29F-E593-47F0-A304-54D62CC1AD2B}.Debug|Any CPU.ActiveCfg = Debug|Any CPU
		{1F63D29F-E593-47F0-A304-54D62CC1AD2B}.Debug|Any CPU.Build.0 = Debug|Any CPU
		{1F63D29F-E593-47F0-A304-54D62CC1AD2B}.Release|Any CPU.ActiveCfg = Release|Any CPU
		{1F63D29F-E593-47F0-A304-54D62CC1AD2B}.Release|Any CPU.Build.0 = Release|Any CPU
		{C6FC692B-DFAD-4ED5-86D5-8000DBD06B02}.Debug|Any CPU.ActiveCfg = Debug|Any CPU
		{C6FC692B-DFAD-4ED5-86D5-8000DBD06B02}.Debug|Any CPU.Build.0 = Debug|Any CPU
		{C6FC692B-DFAD-4ED5-86D5-8000DBD06B02}.Release|Any CPU.ActiveCfg = Release|Any CPU
		{C6FC692B-DFAD-4ED5-86D5-8000DBD06B02}.Release|Any CPU.Build.0 = Release|Any CPU
		{093FE583-996B-435C-A4D2-201C94AA71E0}.Debug|Any CPU.ActiveCfg = Debug|Any CPU
		{093FE583-996B-435C-A4D2-201C94AA71E0}.Debug|Any CPU.Build.0 = Debug|Any CPU
		{093FE583-996B-435C-A4D2-201C94AA71E0}.Release|Any CPU.ActiveCfg = Release|Any CPU
		{093FE583-996B-435C-A4D2-201C94AA71E0}.Release|Any CPU.Build.0 = Release|Any CPU
		{D92E5D79-8D6B-410F-B9FC-0FCE46FBC116}.Debug|Any CPU.ActiveCfg = Debug|Any CPU
		{D92E5D79-8D6B-410F-B9FC-0FCE46FBC116}.Debug|Any CPU.Build.0 = Debug|Any CPU
		{D92E5D79-8D6B-410F-B9FC-0FCE46FBC116}.Release|Any CPU.ActiveCfg = Release|Any CPU
		{D92E5D79-8D6B-410F-B9FC-0FCE46FBC116}.Release|Any CPU.Build.0 = Release|Any CPU
		{CE5546D3-8819-4B25-8DDC-B02769BAB42F}.Debug|Any CPU.ActiveCfg = Debug|Any CPU
		{CE5546D3-8819-4B25-8DDC-B02769BAB42F}.Debug|Any CPU.Build.0 = Debug|Any CPU
		{CE5546D3-8819-4B25-8DDC-B02769BAB42F}.Release|Any CPU.ActiveCfg = Release|Any CPU
		{CE5546D3-8819-4B25-8DDC-B02769BAB42F}.Release|Any CPU.Build.0 = Release|Any CPU
		{BF77FA0D-51D3-4DB6-9ADE-D5AAD70E2625}.Debug|Any CPU.ActiveCfg = Debug|Any CPU
		{BF77FA0D-51D3-4DB6-9ADE-D5AAD70E2625}.Debug|Any CPU.Build.0 = Debug|Any CPU
		{BF77FA0D-51D3-4DB6-9ADE-D5AAD70E2625}.Release|Any CPU.ActiveCfg = Release|Any CPU
		{BF77FA0D-51D3-4DB6-9ADE-D5AAD70E2625}.Release|Any CPU.Build.0 = Release|Any CPU
		{E690CEB8-F266-441F-8A80-5A3440B3445A}.Debug|Any CPU.ActiveCfg = Debug|Any CPU
		{E690CEB8-F266-441F-8A80-5A3440B3445A}.Debug|Any CPU.Build.0 = Debug|Any CPU
		{E690CEB8-F266-441F-8A80-5A3440B3445A}.Release|Any CPU.ActiveCfg = Release|Any CPU
		{E690CEB8-F266-441F-8A80-5A3440B3445A}.Release|Any CPU.Build.0 = Release|Any CPU
	EndGlobalSection
	GlobalSection(SolutionProperties) = preSolution
		HideSolutionNode = FALSE
	EndGlobalSection
	GlobalSection(NestedProjects) = preSolution
		{CE5546D3-8819-4B25-8DDC-B02769BAB42F} = {F5595798-28B5-44CA-AFE8-679919396C33}
		{BF77FA0D-51D3-4DB6-9ADE-D5AAD70E2625} = {F5595798-28B5-44CA-AFE8-679919396C33}
		{836C79A9-7F69-4504-A7AF-4B0EC58FED34} = {BC89A2FB-8005-4D1F-A108-79F5759313A3}
		{093FE583-996B-435C-A4D2-201C94AA71E0} = {836C79A9-7F69-4504-A7AF-4B0EC58FED34}
		{9C69F9C5-E93B-4FAE-85B4-8D02CA370787} = {BC89A2FB-8005-4D1F-A108-79F5759313A3}
		{70049733-8ED2-403C-B6C7-31A4755073B6} = {BC89A2FB-8005-4D1F-A108-79F5759313A3}
		{E690CEB8-F266-441F-8A80-5A3440B3445A} = {70049733-8ED2-403C-B6C7-31A4755073B6}
		{0B03844E-51DD-4B5B-BF22-DA33D4035760} = {BC89A2FB-8005-4D1F-A108-79F5759313A3}
		{C6FC692B-DFAD-4ED5-86D5-8000DBD06B02} = {0B03844E-51DD-4B5B-BF22-DA33D4035760}
		{D9C5606D-3855-44A0-BDB3-98D963D63FCF} = {9C69F9C5-E93B-4FAE-85B4-8D02CA370787}
		{E74075A8-3BF4-49FD-BA5E-07813FC9BA09} = {BC89A2FB-8005-4D1F-A108-79F5759313A3}
		{2A676F8B-8BB3-4F3A-8940-F9330576C857} = {BC89A2FB-8005-4D1F-A108-79F5759313A3}
		{4F02D4C5-130A-4B3B-B633-414D25A845D8} = {BC89A2FB-8005-4D1F-A108-79F5759313A3}
		{AFFE7B8B-3294-4DD3-990D-7DA5E256C987} = {E74075A8-3BF4-49FD-BA5E-07813FC9BA09}
		{8AD6F857-708C-4B5E-98BC-B3206E7DD918} = {E74075A8-3BF4-49FD-BA5E-07813FC9BA09}
		{F75814B0-ADE3-4E55-B44D-2EE966C41344} = {2A676F8B-8BB3-4F3A-8940-F9330576C857}
		{8B48F02F-79E6-45CF-8DE3-BF9085D4C3A2} = {2A676F8B-8BB3-4F3A-8940-F9330576C857}
		{3D4343C8-1CF9-4AAB-B458-C2AC52E4A47A} = {2A676F8B-8BB3-4F3A-8940-F9330576C857}
		{6611930D-880E-455C-8681-E0E2A33CF5A9} = {70049733-8ED2-403C-B6C7-31A4755073B6}
		{EBB969E9-CF71-48A1-9BDB-23FB576490C8} = {BC89A2FB-8005-4D1F-A108-79F5759313A3}
		{DA661AA0-3313-4C2D-81A9-C1A2B74F7317} = {EBB969E9-CF71-48A1-9BDB-23FB576490C8}
		{D92E5D79-8D6B-410F-B9FC-0FCE46FBC116} = {4F02D4C5-130A-4B3B-B633-414D25A845D8}
		{1F63D29F-E593-47F0-A304-54D62CC1AD2B} = {4F02D4C5-130A-4B3B-B633-414D25A845D8}
		{550F0C4A-34AB-49E5-83DD-19D3D77AF3C5} = {4F02D4C5-130A-4B3B-B633-414D25A845D8}
		{12541BC1-1ED3-424B-B12B-A9B65BA44390} = {BC89A2FB-8005-4D1F-A108-79F5759313A3}
		{6E972BA4-C333-4441-A9DE-CEDB0AA3C7FF} = {12541BC1-1ED3-424B-B12B-A9B65BA44390}
	EndGlobalSection
	GlobalSection(ExtensibilityGlobals) = postSolution
		SolutionGuid = {4B7BEB0E-C314-4215-8F22-59E3B8655722}
		EnterpriseLibraryConfigurationToolBinariesPathV6 = packages\EnterpriseLibrary.Common.6.0.1304.0\lib\NET45;packages\EnterpriseLibrary.Logging.6.0.1304.0\lib\NET45
	EndGlobalSection
	GlobalSection(CodealikeProperties) = postSolution
		SolutionGuid = 26bdd0af-3b1d-458d-a138-31fef424d65b
	EndGlobalSection
EndGlobal
