
Microsoft Visual Studio Solution File, Format Version 12.00
# Visual Studio 15
VisualStudioVersion = 15.0.27130.2010
MinimumVisualStudioVersion = 10.0.40219.1
Project("{2150E333-8FDC-42A3-9474-1A3956D46DE8}") = "Other", "Other", "{6C7309B3-8445-4C35-ADBD-0B0A47A4C3BF}"
EndProject
Project("{2150E333-8FDC-42A3-9474-1A3956D46DE8}") = "Tests", "Tests", "{32491241-8526-4D7E-8332-318DDF738FBA}"
EndProject
Project("{2150E333-8FDC-42A3-9474-1A3956D46DE8}") = "Infrastructure", "Infrastructure", "{242883A9-BDB4-4F49-BF8E-E80D49F9D8DF}"
EndProject
Project("{2150E333-8FDC-42A3-9474-1A3956D46DE8}") = "PresentationLayer", "PresentationLayer", "{CBD7FD9B-1526-4D29-B3D5-099EBA2270B3}"
EndProject
Project("{2150E333-8FDC-42A3-9474-1A3956D46DE8}") = "BusinessLayer", "BusinessLayer", "{45E92516-04B1-4A5F-BAC8-899A57D78ED3}"
EndProject
Project("{2150E333-8FDC-42A3-9474-1A3956D46DE8}") = "DataLayer", "DataLayer", "{B92AB6C6-3114-4A39-AB3A-6817E138E06C}"
EndProject
Project("{2150E333-8FDC-42A3-9474-1A3956D46DE8}") = "Main", "Main", "{297EC5B7-8C7C-4ED5-A636-426A66F7DFA9}"
EndProject
Project("{2150E333-8FDC-42A3-9474-1A3956D46DE8}") = "Solution Items", "Solution Items", "{EE74DF54-EA7E-499F-B74A-E027F664149C}"
	ProjectSection(SolutionItems) = preProject
		NuGet.config = NuGet.config
		stylecop.json = stylecop.json
	EndProjectSection
EndProject
Project("{2150E333-8FDC-42A3-9474-1A3956D46DE8}") = ".nuget", ".nuget", "{92A8BDAB-06A0-495B-952E-64678D9756F2}"
	ProjectSection(SolutionItems) = preProject
		.nuget\packages.config = .nuget\packages.config
	EndProjectSection
EndProject
Project("{FAE04EC0-301F-11D3-BF4B-00C04F79EFBC}") = "Shrooms.Authentification", "..\open-source\src\api\Infrastructure\Shrooms.Authentification\Shrooms.Authentification.csproj", "{DA661AA0-3313-4C2D-81A9-C1A2B74F7317}"
EndProject
Project("{FAE04EC0-301F-11D3-BF4B-00C04F79EFBC}") = "Shrooms.Infrastructure", "..\open-source\src\api\Infrastructure\Shrooms.Infrastructure\Shrooms.Infrastructure.csproj", "{D9C5606D-3855-44A0-BDB3-98D963D63FCF}"
EndProject
Project("{FAE04EC0-301F-11D3-BF4B-00C04F79EFBC}") = "Shrooms.IoC", "..\open-source\src\api\Infrastructure\Shrooms.IoC\Shrooms.IoC.csproj", "{6E972BA4-C333-4441-A9DE-CEDB0AA3C7FF}"
EndProject
Project("{FAE04EC0-301F-11D3-BF4B-00C04F79EFBC}") = "Shrooms.ModelMappings", "..\open-source\src\api\Infrastructure\Shrooms.ModelMappings\Shrooms.ModelMappings.csproj", "{550F0C4A-34AB-49E5-83DD-19D3D77AF3C5}"
EndProject
Project("{FAE04EC0-301F-11D3-BF4B-00C04F79EFBC}") = "Shrooms.DataTransferObjects", "..\open-source\src\api\Main\BuisnessLayer\Shrooms.DataTransferObjects\Shrooms.DataTransferObjects.csproj", "{6611930D-880E-455C-8681-E0E2A33CF5A9}"
EndProject
Project("{FAE04EC0-301F-11D3-BF4B-00C04F79EFBC}") = "Shrooms.DomainExceptions", "..\open-source\src\api\Main\BuisnessLayer\Shrooms.DomainExceptions\Shrooms.DomainExceptions.csproj", "{8B48F02F-79E6-45CF-8DE3-BF9085D4C3A2}"
EndProject
Project("{FAE04EC0-301F-11D3-BF4B-00C04F79EFBC}") = "Shrooms.DomainServiceValidators", "..\open-source\src\api\Main\BuisnessLayer\Shrooms.DomainServiceValidators\Shrooms.DomainServiceValidators.csproj", "{3D4343C8-1CF9-4AAB-B458-C2AC52E4A47A}"
EndProject
Project("{FAE04EC0-301F-11D3-BF4B-00C04F79EFBC}") = "Shrooms.Domain", "..\open-source\src\api\Main\BuisnessLayer\Shrooms.Domain\Shrooms.Domain.csproj", "{F75814B0-ADE3-4E55-B44D-2EE966C41344}"
EndProject
Project("{FAE04EC0-301F-11D3-BF4B-00C04F79EFBC}") = "Shrooms.DataLayer", "..\open-source\src\api\Main\DataLayer\Shrooms.DataLayer\Shrooms.DataLayer.csproj", "{AFFE7B8B-3294-4DD3-990D-7DA5E256C987}"
EndProject
Project("{FAE04EC0-301F-11D3-BF4B-00C04F79EFBC}") = "Shrooms.EntityModels", "..\open-source\src\api\Main\DataLayer\Shrooms.EntityModels\Shrooms.EntityModels.csproj", "{8AD6F857-708C-4B5E-98BC-B3206E7DD918}"
EndProject
Project("{FAE04EC0-301F-11D3-BF4B-00C04F79EFBC}") = "Shrooms.WebViewModels", "..\open-source\src\api\Main\PresentationLayer\Shrooms.WebViewModels\Shrooms.WebViewModels.csproj", "{1F63D29F-E593-47F0-A304-54D62CC1AD2B}"
EndProject
Project("{FAE04EC0-301F-11D3-BF4B-00C04F79EFBC}") = "Shrooms.Constants", "..\open-source\src\api\Other\Shrooms.Constants\Shrooms.Constants.csproj", "{E07394B9-558C-4A70-9926-6400ABB0FB5D}"
EndProject
Project("{FAE04EC0-301F-11D3-BF4B-00C04F79EFBC}") = "Shrooms.Resources", "..\open-source\src\api\Other\Shrooms.Resources\Shrooms.Resources.csproj", "{C6FC692B-DFAD-4ED5-86D5-8000DBD06B02}"
EndProject
Project("{FAE04EC0-301F-11D3-BF4B-00C04F79EFBC}") = "Shrooms.UnitTests", "..\open-source\src\api\Tests\Shrooms.Tests\Shrooms.UnitTests.csproj", "{093FE583-996B-435C-A4D2-201C94AA71E0}"
EndProject
Project("{FAE04EC0-301F-11D3-BF4B-00C04F79EFBC}") = "Shrooms.API", "..\open-source\src\api\Main\PresentationLayer\Shrooms.API\Shrooms.API.csproj", "{D92E5D79-8D6B-410F-B9FC-0FCE46FBC116}"
EndProject
Project("{2150E333-8FDC-42A3-9474-1A3956D46DE8}") = "Premium", "Premium", "{F5595798-28B5-44CA-AFE8-679919396C33}"
EndProject
Project("{FAE04EC0-301F-11D3-BF4B-00C04F79EFBC}") = "Shrooms.Premium", "Shrooms.Premium\Shrooms.Premium.csproj", "{CE5546D3-8819-4B25-8DDC-B02769BAB42F}"
EndProject
Project("{FAE04EC0-301F-11D3-BF4B-00C04F79EFBC}") = "Shrooms.Premium.UnitTests", "Shrooms.Premium.UnitTests\Shrooms.Premium.UnitTests.csproj", "{BF77FA0D-51D3-4DB6-9ADE-D5AAD70E2625}"
EndProject
Global
	GlobalSection(SolutionConfigurationPlatforms) = preSolution
		Azure|Any CPU = Azure|Any CPU
		AzureProduction|Any CPU = AzureProduction|Any CPU
		Debug|Any CPU = Debug|Any CPU
		Deploy-Dev|Any CPU = Deploy-Dev|Any CPU
		Development|Any CPU = Development|Any CPU
		DevelopmentTest|Any CPU = DevelopmentTest|Any CPU
		ExternalQA|Any CPU = ExternalQA|Any CPU
		Release|Any CPU = Release|Any CPU
		Staging|Any CPU = Staging|Any CPU
		TestChrome|Any CPU = TestChrome|Any CPU
		TestFF|Any CPU = TestFF|Any CPU
		TestIE11|Any CPU = TestIE11|Any CPU
	EndGlobalSection
	GlobalSection(ProjectConfigurationPlatforms) = postSolution
		{DA661AA0-3313-4C2D-81A9-C1A2B74F7317}.Azure|Any CPU.ActiveCfg = Azure|Any CPU
		{DA661AA0-3313-4C2D-81A9-C1A2B74F7317}.Azure|Any CPU.Build.0 = Azure|Any CPU
		{DA661AA0-3313-4C2D-81A9-C1A2B74F7317}.AzureProduction|Any CPU.ActiveCfg = AzureProduction|Any CPU
		{DA661AA0-3313-4C2D-81A9-C1A2B74F7317}.AzureProduction|Any CPU.Build.0 = AzureProduction|Any CPU
		{DA661AA0-3313-4C2D-81A9-C1A2B74F7317}.Debug|Any CPU.ActiveCfg = Debug|Any CPU
		{DA661AA0-3313-4C2D-81A9-C1A2B74F7317}.Debug|Any CPU.Build.0 = Debug|Any CPU
		{DA661AA0-3313-4C2D-81A9-C1A2B74F7317}.Deploy-Dev|Any CPU.ActiveCfg = Deploy-Dev|Any CPU
		{DA661AA0-3313-4C2D-81A9-C1A2B74F7317}.Deploy-Dev|Any CPU.Build.0 = Deploy-Dev|Any CPU
		{DA661AA0-3313-4C2D-81A9-C1A2B74F7317}.Development|Any CPU.ActiveCfg = Development|Any CPU
		{DA661AA0-3313-4C2D-81A9-C1A2B74F7317}.Development|Any CPU.Build.0 = Development|Any CPU
		{DA661AA0-3313-4C2D-81A9-C1A2B74F7317}.DevelopmentTest|Any CPU.ActiveCfg = DevelopmentTest|Any CPU
		{DA661AA0-3313-4C2D-81A9-C1A2B74F7317}.DevelopmentTest|Any CPU.Build.0 = DevelopmentTest|Any CPU
		{DA661AA0-3313-4C2D-81A9-C1A2B74F7317}.ExternalQA|Any CPU.ActiveCfg = ExternalQA|Any CPU
		{DA661AA0-3313-4C2D-81A9-C1A2B74F7317}.ExternalQA|Any CPU.Build.0 = ExternalQA|Any CPU
		{DA661AA0-3313-4C2D-81A9-C1A2B74F7317}.Release|Any CPU.ActiveCfg = Release|Any CPU
		{DA661AA0-3313-4C2D-81A9-C1A2B74F7317}.Release|Any CPU.Build.0 = Release|Any CPU
		{DA661AA0-3313-4C2D-81A9-C1A2B74F7317}.Staging|Any CPU.ActiveCfg = Staging|Any CPU
		{DA661AA0-3313-4C2D-81A9-C1A2B74F7317}.Staging|Any CPU.Build.0 = Staging|Any CPU
		{DA661AA0-3313-4C2D-81A9-C1A2B74F7317}.TestChrome|Any CPU.ActiveCfg = Development|Any CPU
		{DA661AA0-3313-4C2D-81A9-C1A2B74F7317}.TestChrome|Any CPU.Build.0 = Development|Any CPU
		{DA661AA0-3313-4C2D-81A9-C1A2B74F7317}.TestFF|Any CPU.ActiveCfg = Development|Any CPU
		{DA661AA0-3313-4C2D-81A9-C1A2B74F7317}.TestFF|Any CPU.Build.0 = Development|Any CPU
		{DA661AA0-3313-4C2D-81A9-C1A2B74F7317}.TestIE11|Any CPU.ActiveCfg = Development|Any CPU
		{DA661AA0-3313-4C2D-81A9-C1A2B74F7317}.TestIE11|Any CPU.Build.0 = Development|Any CPU
		{D9C5606D-3855-44A0-BDB3-98D963D63FCF}.Azure|Any CPU.ActiveCfg = Azure|Any CPU
		{D9C5606D-3855-44A0-BDB3-98D963D63FCF}.Azure|Any CPU.Build.0 = Azure|Any CPU
		{D9C5606D-3855-44A0-BDB3-98D963D63FCF}.AzureProduction|Any CPU.ActiveCfg = AzureProduction|Any CPU
		{D9C5606D-3855-44A0-BDB3-98D963D63FCF}.AzureProduction|Any CPU.Build.0 = AzureProduction|Any CPU
		{D9C5606D-3855-44A0-BDB3-98D963D63FCF}.Debug|Any CPU.ActiveCfg = Debug|Any CPU
		{D9C5606D-3855-44A0-BDB3-98D963D63FCF}.Debug|Any CPU.Build.0 = Debug|Any CPU
		{D9C5606D-3855-44A0-BDB3-98D963D63FCF}.Deploy-Dev|Any CPU.ActiveCfg = Deploy-Dev|Any CPU
		{D9C5606D-3855-44A0-BDB3-98D963D63FCF}.Deploy-Dev|Any CPU.Build.0 = Deploy-Dev|Any CPU
		{D9C5606D-3855-44A0-BDB3-98D963D63FCF}.Development|Any CPU.ActiveCfg = Development|Any CPU
		{D9C5606D-3855-44A0-BDB3-98D963D63FCF}.Development|Any CPU.Build.0 = Development|Any CPU
		{D9C5606D-3855-44A0-BDB3-98D963D63FCF}.Development|Any CPU.Deploy.0 = Development|Any CPU
		{D9C5606D-3855-44A0-BDB3-98D963D63FCF}.DevelopmentTest|Any CPU.ActiveCfg = DevelopmentTest|Any CPU
		{D9C5606D-3855-44A0-BDB3-98D963D63FCF}.DevelopmentTest|Any CPU.Build.0 = DevelopmentTest|Any CPU
		{D9C5606D-3855-44A0-BDB3-98D963D63FCF}.ExternalQA|Any CPU.ActiveCfg = ExternalQA|Any CPU
		{D9C5606D-3855-44A0-BDB3-98D963D63FCF}.ExternalQA|Any CPU.Build.0 = ExternalQA|Any CPU
		{D9C5606D-3855-44A0-BDB3-98D963D63FCF}.Release|Any CPU.ActiveCfg = Release|Any CPU
		{D9C5606D-3855-44A0-BDB3-98D963D63FCF}.Release|Any CPU.Build.0 = Release|Any CPU
		{D9C5606D-3855-44A0-BDB3-98D963D63FCF}.Staging|Any CPU.ActiveCfg = Staging|Any CPU
		{D9C5606D-3855-44A0-BDB3-98D963D63FCF}.Staging|Any CPU.Build.0 = Staging|Any CPU
		{D9C5606D-3855-44A0-BDB3-98D963D63FCF}.TestChrome|Any CPU.ActiveCfg = Development|Any CPU
		{D9C5606D-3855-44A0-BDB3-98D963D63FCF}.TestChrome|Any CPU.Build.0 = Development|Any CPU
		{D9C5606D-3855-44A0-BDB3-98D963D63FCF}.TestFF|Any CPU.ActiveCfg = Development|Any CPU
		{D9C5606D-3855-44A0-BDB3-98D963D63FCF}.TestFF|Any CPU.Build.0 = Development|Any CPU
		{D9C5606D-3855-44A0-BDB3-98D963D63FCF}.TestIE11|Any CPU.ActiveCfg = Development|Any CPU
		{D9C5606D-3855-44A0-BDB3-98D963D63FCF}.TestIE11|Any CPU.Build.0 = Development|Any CPU
		{6E972BA4-C333-4441-A9DE-CEDB0AA3C7FF}.Azure|Any CPU.ActiveCfg = Azure|Any CPU
		{6E972BA4-C333-4441-A9DE-CEDB0AA3C7FF}.Azure|Any CPU.Build.0 = Azure|Any CPU
		{6E972BA4-C333-4441-A9DE-CEDB0AA3C7FF}.AzureProduction|Any CPU.ActiveCfg = AzureProduction|Any CPU
		{6E972BA4-C333-4441-A9DE-CEDB0AA3C7FF}.AzureProduction|Any CPU.Build.0 = AzureProduction|Any CPU
		{6E972BA4-C333-4441-A9DE-CEDB0AA3C7FF}.Debug|Any CPU.ActiveCfg = Debug|Any CPU
		{6E972BA4-C333-4441-A9DE-CEDB0AA3C7FF}.Debug|Any CPU.Build.0 = Debug|Any CPU
		{6E972BA4-C333-4441-A9DE-CEDB0AA3C7FF}.Deploy-Dev|Any CPU.ActiveCfg = Deploy-Dev|Any CPU
		{6E972BA4-C333-4441-A9DE-CEDB0AA3C7FF}.Deploy-Dev|Any CPU.Build.0 = Deploy-Dev|Any CPU
		{6E972BA4-C333-4441-A9DE-CEDB0AA3C7FF}.Development|Any CPU.ActiveCfg = Development|Any CPU
		{6E972BA4-C333-4441-A9DE-CEDB0AA3C7FF}.Development|Any CPU.Build.0 = Development|Any CPU
		{6E972BA4-C333-4441-A9DE-CEDB0AA3C7FF}.DevelopmentTest|Any CPU.ActiveCfg = DevelopmentTest|Any CPU
		{6E972BA4-C333-4441-A9DE-CEDB0AA3C7FF}.DevelopmentTest|Any CPU.Build.0 = DevelopmentTest|Any CPU
		{6E972BA4-C333-4441-A9DE-CEDB0AA3C7FF}.ExternalQA|Any CPU.ActiveCfg = ExternalQA|Any CPU
		{6E972BA4-C333-4441-A9DE-CEDB0AA3C7FF}.ExternalQA|Any CPU.Build.0 = ExternalQA|Any CPU
		{6E972BA4-C333-4441-A9DE-CEDB0AA3C7FF}.Release|Any CPU.ActiveCfg = Release|Any CPU
		{6E972BA4-C333-4441-A9DE-CEDB0AA3C7FF}.Release|Any CPU.Build.0 = Release|Any CPU
		{6E972BA4-C333-4441-A9DE-CEDB0AA3C7FF}.Staging|Any CPU.ActiveCfg = Staging|Any CPU
		{6E972BA4-C333-4441-A9DE-CEDB0AA3C7FF}.Staging|Any CPU.Build.0 = Staging|Any CPU
		{6E972BA4-C333-4441-A9DE-CEDB0AA3C7FF}.TestChrome|Any CPU.ActiveCfg = Development|Any CPU
		{6E972BA4-C333-4441-A9DE-CEDB0AA3C7FF}.TestChrome|Any CPU.Build.0 = Development|Any CPU
		{6E972BA4-C333-4441-A9DE-CEDB0AA3C7FF}.TestFF|Any CPU.ActiveCfg = Development|Any CPU
		{6E972BA4-C333-4441-A9DE-CEDB0AA3C7FF}.TestFF|Any CPU.Build.0 = Development|Any CPU
		{6E972BA4-C333-4441-A9DE-CEDB0AA3C7FF}.TestIE11|Any CPU.ActiveCfg = Development|Any CPU
		{6E972BA4-C333-4441-A9DE-CEDB0AA3C7FF}.TestIE11|Any CPU.Build.0 = Development|Any CPU
		{550F0C4A-34AB-49E5-83DD-19D3D77AF3C5}.Azure|Any CPU.ActiveCfg = Azure|Any CPU
		{550F0C4A-34AB-49E5-83DD-19D3D77AF3C5}.Azure|Any CPU.Build.0 = Azure|Any CPU
		{550F0C4A-34AB-49E5-83DD-19D3D77AF3C5}.AzureProduction|Any CPU.ActiveCfg = AzureProduction|Any CPU
		{550F0C4A-34AB-49E5-83DD-19D3D77AF3C5}.AzureProduction|Any CPU.Build.0 = AzureProduction|Any CPU
		{550F0C4A-34AB-49E5-83DD-19D3D77AF3C5}.Debug|Any CPU.ActiveCfg = Debug|Any CPU
		{550F0C4A-34AB-49E5-83DD-19D3D77AF3C5}.Debug|Any CPU.Build.0 = Debug|Any CPU
		{550F0C4A-34AB-49E5-83DD-19D3D77AF3C5}.Deploy-Dev|Any CPU.ActiveCfg = Deploy-Dev|Any CPU
		{550F0C4A-34AB-49E5-83DD-19D3D77AF3C5}.Deploy-Dev|Any CPU.Build.0 = Deploy-Dev|Any CPU
		{550F0C4A-34AB-49E5-83DD-19D3D77AF3C5}.Development|Any CPU.ActiveCfg = Development|Any CPU
		{550F0C4A-34AB-49E5-83DD-19D3D77AF3C5}.Development|Any CPU.Build.0 = Development|Any CPU
		{550F0C4A-34AB-49E5-83DD-19D3D77AF3C5}.DevelopmentTest|Any CPU.ActiveCfg = DevelopmentTest|Any CPU
		{550F0C4A-34AB-49E5-83DD-19D3D77AF3C5}.DevelopmentTest|Any CPU.Build.0 = DevelopmentTest|Any CPU
		{550F0C4A-34AB-49E5-83DD-19D3D77AF3C5}.ExternalQA|Any CPU.ActiveCfg = ExternalQA|Any CPU
		{550F0C4A-34AB-49E5-83DD-19D3D77AF3C5}.ExternalQA|Any CPU.Build.0 = ExternalQA|Any CPU
		{550F0C4A-34AB-49E5-83DD-19D3D77AF3C5}.Release|Any CPU.ActiveCfg = Release|Any CPU
		{550F0C4A-34AB-49E5-83DD-19D3D77AF3C5}.Release|Any CPU.Build.0 = Release|Any CPU
		{550F0C4A-34AB-49E5-83DD-19D3D77AF3C5}.Staging|Any CPU.ActiveCfg = Staging|Any CPU
		{550F0C4A-34AB-49E5-83DD-19D3D77AF3C5}.Staging|Any CPU.Build.0 = Staging|Any CPU
		{550F0C4A-34AB-49E5-83DD-19D3D77AF3C5}.TestChrome|Any CPU.ActiveCfg = Development|Any CPU
		{550F0C4A-34AB-49E5-83DD-19D3D77AF3C5}.TestChrome|Any CPU.Build.0 = Development|Any CPU
		{550F0C4A-34AB-49E5-83DD-19D3D77AF3C5}.TestFF|Any CPU.ActiveCfg = Development|Any CPU
		{550F0C4A-34AB-49E5-83DD-19D3D77AF3C5}.TestFF|Any CPU.Build.0 = Development|Any CPU
		{550F0C4A-34AB-49E5-83DD-19D3D77AF3C5}.TestIE11|Any CPU.ActiveCfg = Development|Any CPU
		{550F0C4A-34AB-49E5-83DD-19D3D77AF3C5}.TestIE11|Any CPU.Build.0 = Development|Any CPU
		{6611930D-880E-455C-8681-E0E2A33CF5A9}.Azure|Any CPU.ActiveCfg = Azure|Any CPU
		{6611930D-880E-455C-8681-E0E2A33CF5A9}.Azure|Any CPU.Build.0 = Azure|Any CPU
		{6611930D-880E-455C-8681-E0E2A33CF5A9}.AzureProduction|Any CPU.ActiveCfg = AzureProduction|Any CPU
		{6611930D-880E-455C-8681-E0E2A33CF5A9}.AzureProduction|Any CPU.Build.0 = AzureProduction|Any CPU
		{6611930D-880E-455C-8681-E0E2A33CF5A9}.Debug|Any CPU.ActiveCfg = Debug|Any CPU
		{6611930D-880E-455C-8681-E0E2A33CF5A9}.Debug|Any CPU.Build.0 = Debug|Any CPU
		{6611930D-880E-455C-8681-E0E2A33CF5A9}.Deploy-Dev|Any CPU.ActiveCfg = Deploy-Dev|Any CPU
		{6611930D-880E-455C-8681-E0E2A33CF5A9}.Deploy-Dev|Any CPU.Build.0 = Deploy-Dev|Any CPU
		{6611930D-880E-455C-8681-E0E2A33CF5A9}.Development|Any CPU.ActiveCfg = Development|Any CPU
		{6611930D-880E-455C-8681-E0E2A33CF5A9}.Development|Any CPU.Build.0 = Development|Any CPU
		{6611930D-880E-455C-8681-E0E2A33CF5A9}.DevelopmentTest|Any CPU.ActiveCfg = DevelopmentTest|Any CPU
		{6611930D-880E-455C-8681-E0E2A33CF5A9}.DevelopmentTest|Any CPU.Build.0 = DevelopmentTest|Any CPU
		{6611930D-880E-455C-8681-E0E2A33CF5A9}.ExternalQA|Any CPU.ActiveCfg = ExternalQA|Any CPU
		{6611930D-880E-455C-8681-E0E2A33CF5A9}.ExternalQA|Any CPU.Build.0 = ExternalQA|Any CPU
		{6611930D-880E-455C-8681-E0E2A33CF5A9}.Release|Any CPU.ActiveCfg = Release|Any CPU
		{6611930D-880E-455C-8681-E0E2A33CF5A9}.Release|Any CPU.Build.0 = Release|Any CPU
		{6611930D-880E-455C-8681-E0E2A33CF5A9}.Staging|Any CPU.ActiveCfg = Staging|Any CPU
		{6611930D-880E-455C-8681-E0E2A33CF5A9}.Staging|Any CPU.Build.0 = Staging|Any CPU
		{6611930D-880E-455C-8681-E0E2A33CF5A9}.TestChrome|Any CPU.ActiveCfg = Development|Any CPU
		{6611930D-880E-455C-8681-E0E2A33CF5A9}.TestChrome|Any CPU.Build.0 = Development|Any CPU
		{6611930D-880E-455C-8681-E0E2A33CF5A9}.TestFF|Any CPU.ActiveCfg = Development|Any CPU
		{6611930D-880E-455C-8681-E0E2A33CF5A9}.TestFF|Any CPU.Build.0 = Development|Any CPU
		{6611930D-880E-455C-8681-E0E2A33CF5A9}.TestIE11|Any CPU.ActiveCfg = Development|Any CPU
		{6611930D-880E-455C-8681-E0E2A33CF5A9}.TestIE11|Any CPU.Build.0 = Development|Any CPU
		{8B48F02F-79E6-45CF-8DE3-BF9085D4C3A2}.Azure|Any CPU.ActiveCfg = Azure|Any CPU
		{8B48F02F-79E6-45CF-8DE3-BF9085D4C3A2}.Azure|Any CPU.Build.0 = Azure|Any CPU
		{8B48F02F-79E6-45CF-8DE3-BF9085D4C3A2}.AzureProduction|Any CPU.ActiveCfg = AzureProduction|Any CPU
		{8B48F02F-79E6-45CF-8DE3-BF9085D4C3A2}.AzureProduction|Any CPU.Build.0 = AzureProduction|Any CPU
		{8B48F02F-79E6-45CF-8DE3-BF9085D4C3A2}.Debug|Any CPU.ActiveCfg = Debug|Any CPU
		{8B48F02F-79E6-45CF-8DE3-BF9085D4C3A2}.Debug|Any CPU.Build.0 = Debug|Any CPU
		{8B48F02F-79E6-45CF-8DE3-BF9085D4C3A2}.Deploy-Dev|Any CPU.ActiveCfg = Deploy-Dev|Any CPU
		{8B48F02F-79E6-45CF-8DE3-BF9085D4C3A2}.Deploy-Dev|Any CPU.Build.0 = Deploy-Dev|Any CPU
		{8B48F02F-79E6-45CF-8DE3-BF9085D4C3A2}.Development|Any CPU.ActiveCfg = Development|Any CPU
		{8B48F02F-79E6-45CF-8DE3-BF9085D4C3A2}.Development|Any CPU.Build.0 = Development|Any CPU
		{8B48F02F-79E6-45CF-8DE3-BF9085D4C3A2}.DevelopmentTest|Any CPU.ActiveCfg = DevelopmentTest|Any CPU
		{8B48F02F-79E6-45CF-8DE3-BF9085D4C3A2}.DevelopmentTest|Any CPU.Build.0 = DevelopmentTest|Any CPU
		{8B48F02F-79E6-45CF-8DE3-BF9085D4C3A2}.ExternalQA|Any CPU.ActiveCfg = ExternalQA|Any CPU
		{8B48F02F-79E6-45CF-8DE3-BF9085D4C3A2}.ExternalQA|Any CPU.Build.0 = ExternalQA|Any CPU
		{8B48F02F-79E6-45CF-8DE3-BF9085D4C3A2}.Release|Any CPU.ActiveCfg = Release|Any CPU
		{8B48F02F-79E6-45CF-8DE3-BF9085D4C3A2}.Release|Any CPU.Build.0 = Release|Any CPU
		{8B48F02F-79E6-45CF-8DE3-BF9085D4C3A2}.Staging|Any CPU.ActiveCfg = Staging|Any CPU
		{8B48F02F-79E6-45CF-8DE3-BF9085D4C3A2}.Staging|Any CPU.Build.0 = Staging|Any CPU
		{8B48F02F-79E6-45CF-8DE3-BF9085D4C3A2}.TestChrome|Any CPU.ActiveCfg = Development|Any CPU
		{8B48F02F-79E6-45CF-8DE3-BF9085D4C3A2}.TestChrome|Any CPU.Build.0 = Development|Any CPU
		{8B48F02F-79E6-45CF-8DE3-BF9085D4C3A2}.TestFF|Any CPU.ActiveCfg = Development|Any CPU
		{8B48F02F-79E6-45CF-8DE3-BF9085D4C3A2}.TestFF|Any CPU.Build.0 = Development|Any CPU
		{8B48F02F-79E6-45CF-8DE3-BF9085D4C3A2}.TestIE11|Any CPU.ActiveCfg = Development|Any CPU
		{8B48F02F-79E6-45CF-8DE3-BF9085D4C3A2}.TestIE11|Any CPU.Build.0 = Development|Any CPU
		{3D4343C8-1CF9-4AAB-B458-C2AC52E4A47A}.Azure|Any CPU.ActiveCfg = Azure|Any CPU
		{3D4343C8-1CF9-4AAB-B458-C2AC52E4A47A}.Azure|Any CPU.Build.0 = Azure|Any CPU
		{3D4343C8-1CF9-4AAB-B458-C2AC52E4A47A}.AzureProduction|Any CPU.ActiveCfg = AzureProduction|Any CPU
		{3D4343C8-1CF9-4AAB-B458-C2AC52E4A47A}.AzureProduction|Any CPU.Build.0 = AzureProduction|Any CPU
		{3D4343C8-1CF9-4AAB-B458-C2AC52E4A47A}.Debug|Any CPU.ActiveCfg = Debug|Any CPU
		{3D4343C8-1CF9-4AAB-B458-C2AC52E4A47A}.Debug|Any CPU.Build.0 = Debug|Any CPU
		{3D4343C8-1CF9-4AAB-B458-C2AC52E4A47A}.Deploy-Dev|Any CPU.ActiveCfg = Deploy-Dev|Any CPU
		{3D4343C8-1CF9-4AAB-B458-C2AC52E4A47A}.Deploy-Dev|Any CPU.Build.0 = Deploy-Dev|Any CPU
		{3D4343C8-1CF9-4AAB-B458-C2AC52E4A47A}.Development|Any CPU.ActiveCfg = Development|Any CPU
		{3D4343C8-1CF9-4AAB-B458-C2AC52E4A47A}.Development|Any CPU.Build.0 = Development|Any CPU
		{3D4343C8-1CF9-4AAB-B458-C2AC52E4A47A}.DevelopmentTest|Any CPU.ActiveCfg = DevelopmentTest|Any CPU
		{3D4343C8-1CF9-4AAB-B458-C2AC52E4A47A}.DevelopmentTest|Any CPU.Build.0 = DevelopmentTest|Any CPU
		{3D4343C8-1CF9-4AAB-B458-C2AC52E4A47A}.ExternalQA|Any CPU.ActiveCfg = ExternalQA|Any CPU
		{3D4343C8-1CF9-4AAB-B458-C2AC52E4A47A}.ExternalQA|Any CPU.Build.0 = ExternalQA|Any CPU
		{3D4343C8-1CF9-4AAB-B458-C2AC52E4A47A}.Release|Any CPU.ActiveCfg = Release|Any CPU
		{3D4343C8-1CF9-4AAB-B458-C2AC52E4A47A}.Release|Any CPU.Build.0 = Release|Any CPU
		{3D4343C8-1CF9-4AAB-B458-C2AC52E4A47A}.Staging|Any CPU.ActiveCfg = Staging|Any CPU
		{3D4343C8-1CF9-4AAB-B458-C2AC52E4A47A}.Staging|Any CPU.Build.0 = Staging|Any CPU
		{3D4343C8-1CF9-4AAB-B458-C2AC52E4A47A}.TestChrome|Any CPU.ActiveCfg = Development|Any CPU
		{3D4343C8-1CF9-4AAB-B458-C2AC52E4A47A}.TestChrome|Any CPU.Build.0 = Development|Any CPU
		{3D4343C8-1CF9-4AAB-B458-C2AC52E4A47A}.TestFF|Any CPU.ActiveCfg = Development|Any CPU
		{3D4343C8-1CF9-4AAB-B458-C2AC52E4A47A}.TestFF|Any CPU.Build.0 = Development|Any CPU
		{3D4343C8-1CF9-4AAB-B458-C2AC52E4A47A}.TestIE11|Any CPU.ActiveCfg = Development|Any CPU
		{3D4343C8-1CF9-4AAB-B458-C2AC52E4A47A}.TestIE11|Any CPU.Build.0 = Development|Any CPU
		{F75814B0-ADE3-4E55-B44D-2EE966C41344}.Azure|Any CPU.ActiveCfg = Azure|Any CPU
		{F75814B0-ADE3-4E55-B44D-2EE966C41344}.Azure|Any CPU.Build.0 = Azure|Any CPU
		{F75814B0-ADE3-4E55-B44D-2EE966C41344}.AzureProduction|Any CPU.ActiveCfg = AzureProduction|Any CPU
		{F75814B0-ADE3-4E55-B44D-2EE966C41344}.AzureProduction|Any CPU.Build.0 = AzureProduction|Any CPU
		{F75814B0-ADE3-4E55-B44D-2EE966C41344}.Debug|Any CPU.ActiveCfg = Debug|Any CPU
		{F75814B0-ADE3-4E55-B44D-2EE966C41344}.Debug|Any CPU.Build.0 = Debug|Any CPU
		{F75814B0-ADE3-4E55-B44D-2EE966C41344}.Deploy-Dev|Any CPU.ActiveCfg = Deploy-Dev|Any CPU
		{F75814B0-ADE3-4E55-B44D-2EE966C41344}.Deploy-Dev|Any CPU.Build.0 = Deploy-Dev|Any CPU
		{F75814B0-ADE3-4E55-B44D-2EE966C41344}.Development|Any CPU.ActiveCfg = Development|Any CPU
		{F75814B0-ADE3-4E55-B44D-2EE966C41344}.Development|Any CPU.Build.0 = Development|Any CPU
		{F75814B0-ADE3-4E55-B44D-2EE966C41344}.DevelopmentTest|Any CPU.ActiveCfg = DevelopmentTest|Any CPU
		{F75814B0-ADE3-4E55-B44D-2EE966C41344}.DevelopmentTest|Any CPU.Build.0 = DevelopmentTest|Any CPU
		{F75814B0-ADE3-4E55-B44D-2EE966C41344}.ExternalQA|Any CPU.ActiveCfg = ExternalQA|Any CPU
		{F75814B0-ADE3-4E55-B44D-2EE966C41344}.ExternalQA|Any CPU.Build.0 = ExternalQA|Any CPU
		{F75814B0-ADE3-4E55-B44D-2EE966C41344}.Release|Any CPU.ActiveCfg = Release|Any CPU
		{F75814B0-ADE3-4E55-B44D-2EE966C41344}.Release|Any CPU.Build.0 = Release|Any CPU
		{F75814B0-ADE3-4E55-B44D-2EE966C41344}.Staging|Any CPU.ActiveCfg = Staging|Any CPU
		{F75814B0-ADE3-4E55-B44D-2EE966C41344}.Staging|Any CPU.Build.0 = Staging|Any CPU
		{F75814B0-ADE3-4E55-B44D-2EE966C41344}.TestChrome|Any CPU.ActiveCfg = TestChrome|Any CPU
		{F75814B0-ADE3-4E55-B44D-2EE966C41344}.TestChrome|Any CPU.Build.0 = TestChrome|Any CPU
		{F75814B0-ADE3-4E55-B44D-2EE966C41344}.TestFF|Any CPU.ActiveCfg = TestFF|Any CPU
		{F75814B0-ADE3-4E55-B44D-2EE966C41344}.TestFF|Any CPU.Build.0 = TestFF|Any CPU
		{F75814B0-ADE3-4E55-B44D-2EE966C41344}.TestIE11|Any CPU.ActiveCfg = TestIE11|Any CPU
		{F75814B0-ADE3-4E55-B44D-2EE966C41344}.TestIE11|Any CPU.Build.0 = TestIE11|Any CPU
		{AFFE7B8B-3294-4DD3-990D-7DA5E256C987}.Azure|Any CPU.ActiveCfg = Azure|Any CPU
		{AFFE7B8B-3294-4DD3-990D-7DA5E256C987}.Azure|Any CPU.Build.0 = Azure|Any CPU
		{AFFE7B8B-3294-4DD3-990D-7DA5E256C987}.AzureProduction|Any CPU.ActiveCfg = AzureProduction|Any CPU
		{AFFE7B8B-3294-4DD3-990D-7DA5E256C987}.AzureProduction|Any CPU.Build.0 = AzureProduction|Any CPU
		{AFFE7B8B-3294-4DD3-990D-7DA5E256C987}.Debug|Any CPU.ActiveCfg = Debug|Any CPU
		{AFFE7B8B-3294-4DD3-990D-7DA5E256C987}.Debug|Any CPU.Build.0 = Debug|Any CPU
		{AFFE7B8B-3294-4DD3-990D-7DA5E256C987}.Deploy-Dev|Any CPU.ActiveCfg = Development|Any CPU
		{AFFE7B8B-3294-4DD3-990D-7DA5E256C987}.Development|Any CPU.ActiveCfg = Development|Any CPU
		{AFFE7B8B-3294-4DD3-990D-7DA5E256C987}.Development|Any CPU.Build.0 = Development|Any CPU
		{AFFE7B8B-3294-4DD3-990D-7DA5E256C987}.DevelopmentTest|Any CPU.ActiveCfg = DevelopmentTest|Any CPU
		{AFFE7B8B-3294-4DD3-990D-7DA5E256C987}.DevelopmentTest|Any CPU.Build.0 = DevelopmentTest|Any CPU
		{AFFE7B8B-3294-4DD3-990D-7DA5E256C987}.ExternalQA|Any CPU.ActiveCfg = ExternalQA|Any CPU
		{AFFE7B8B-3294-4DD3-990D-7DA5E256C987}.ExternalQA|Any CPU.Build.0 = ExternalQA|Any CPU
		{AFFE7B8B-3294-4DD3-990D-7DA5E256C987}.Release|Any CPU.ActiveCfg = Release|Any CPU
		{AFFE7B8B-3294-4DD3-990D-7DA5E256C987}.Release|Any CPU.Build.0 = Release|Any CPU
		{AFFE7B8B-3294-4DD3-990D-7DA5E256C987}.Staging|Any CPU.ActiveCfg = Staging|Any CPU
		{AFFE7B8B-3294-4DD3-990D-7DA5E256C987}.Staging|Any CPU.Build.0 = Staging|Any CPU
		{AFFE7B8B-3294-4DD3-990D-7DA5E256C987}.TestChrome|Any CPU.ActiveCfg = TestChrome|Any CPU
		{AFFE7B8B-3294-4DD3-990D-7DA5E256C987}.TestChrome|Any CPU.Build.0 = TestChrome|Any CPU
		{AFFE7B8B-3294-4DD3-990D-7DA5E256C987}.TestFF|Any CPU.ActiveCfg = TestFF|Any CPU
		{AFFE7B8B-3294-4DD3-990D-7DA5E256C987}.TestFF|Any CPU.Build.0 = TestFF|Any CPU
		{AFFE7B8B-3294-4DD3-990D-7DA5E256C987}.TestIE11|Any CPU.ActiveCfg = TestIE11|Any CPU
		{AFFE7B8B-3294-4DD3-990D-7DA5E256C987}.TestIE11|Any CPU.Build.0 = TestIE11|Any CPU
		{8AD6F857-708C-4B5E-98BC-B3206E7DD918}.Azure|Any CPU.ActiveCfg = Azure|Any CPU
		{8AD6F857-708C-4B5E-98BC-B3206E7DD918}.Azure|Any CPU.Build.0 = Azure|Any CPU
		{8AD6F857-708C-4B5E-98BC-B3206E7DD918}.AzureProduction|Any CPU.ActiveCfg = AzureProduction|Any CPU
		{8AD6F857-708C-4B5E-98BC-B3206E7DD918}.AzureProduction|Any CPU.Build.0 = AzureProduction|Any CPU
		{8AD6F857-708C-4B5E-98BC-B3206E7DD918}.Debug|Any CPU.ActiveCfg = Debug|Any CPU
		{8AD6F857-708C-4B5E-98BC-B3206E7DD918}.Debug|Any CPU.Build.0 = Debug|Any CPU
		{8AD6F857-708C-4B5E-98BC-B3206E7DD918}.Deploy-Dev|Any CPU.ActiveCfg = Deploy-Dev|Any CPU
		{8AD6F857-708C-4B5E-98BC-B3206E7DD918}.Deploy-Dev|Any CPU.Build.0 = Deploy-Dev|Any CPU
		{8AD6F857-708C-4B5E-98BC-B3206E7DD918}.Development|Any CPU.ActiveCfg = Development|Any CPU
		{8AD6F857-708C-4B5E-98BC-B3206E7DD918}.Development|Any CPU.Build.0 = Development|Any CPU
		{8AD6F857-708C-4B5E-98BC-B3206E7DD918}.DevelopmentTest|Any CPU.ActiveCfg = DevelopmentTest|Any CPU
		{8AD6F857-708C-4B5E-98BC-B3206E7DD918}.DevelopmentTest|Any CPU.Build.0 = DevelopmentTest|Any CPU
		{8AD6F857-708C-4B5E-98BC-B3206E7DD918}.ExternalQA|Any CPU.ActiveCfg = ExternalQA|Any CPU
		{8AD6F857-708C-4B5E-98BC-B3206E7DD918}.ExternalQA|Any CPU.Build.0 = ExternalQA|Any CPU
		{8AD6F857-708C-4B5E-98BC-B3206E7DD918}.Release|Any CPU.ActiveCfg = Release|Any CPU
		{8AD6F857-708C-4B5E-98BC-B3206E7DD918}.Release|Any CPU.Build.0 = Release|Any CPU
		{8AD6F857-708C-4B5E-98BC-B3206E7DD918}.Staging|Any CPU.ActiveCfg = Staging|Any CPU
		{8AD6F857-708C-4B5E-98BC-B3206E7DD918}.Staging|Any CPU.Build.0 = Staging|Any CPU
		{8AD6F857-708C-4B5E-98BC-B3206E7DD918}.TestChrome|Any CPU.ActiveCfg = Development|Any CPU
		{8AD6F857-708C-4B5E-98BC-B3206E7DD918}.TestChrome|Any CPU.Build.0 = Development|Any CPU
		{8AD6F857-708C-4B5E-98BC-B3206E7DD918}.TestFF|Any CPU.ActiveCfg = Development|Any CPU
		{8AD6F857-708C-4B5E-98BC-B3206E7DD918}.TestFF|Any CPU.Build.0 = Development|Any CPU
		{8AD6F857-708C-4B5E-98BC-B3206E7DD918}.TestIE11|Any CPU.ActiveCfg = Development|Any CPU
		{8AD6F857-708C-4B5E-98BC-B3206E7DD918}.TestIE11|Any CPU.Build.0 = Development|Any CPU
		{1F63D29F-E593-47F0-A304-54D62CC1AD2B}.Azure|Any CPU.ActiveCfg = Azure|Any CPU
		{1F63D29F-E593-47F0-A304-54D62CC1AD2B}.Azure|Any CPU.Build.0 = Azure|Any CPU
		{1F63D29F-E593-47F0-A304-54D62CC1AD2B}.AzureProduction|Any CPU.ActiveCfg = AzureProduction|Any CPU
		{1F63D29F-E593-47F0-A304-54D62CC1AD2B}.AzureProduction|Any CPU.Build.0 = AzureProduction|Any CPU
		{1F63D29F-E593-47F0-A304-54D62CC1AD2B}.Debug|Any CPU.ActiveCfg = Debug|Any CPU
		{1F63D29F-E593-47F0-A304-54D62CC1AD2B}.Debug|Any CPU.Build.0 = Debug|Any CPU
		{1F63D29F-E593-47F0-A304-54D62CC1AD2B}.Deploy-Dev|Any CPU.ActiveCfg = Deploy-Dev|Any CPU
		{1F63D29F-E593-47F0-A304-54D62CC1AD2B}.Deploy-Dev|Any CPU.Build.0 = Deploy-Dev|Any CPU
		{1F63D29F-E593-47F0-A304-54D62CC1AD2B}.Development|Any CPU.ActiveCfg = Development|Any CPU
		{1F63D29F-E593-47F0-A304-54D62CC1AD2B}.Development|Any CPU.Build.0 = Development|Any CPU
		{1F63D29F-E593-47F0-A304-54D62CC1AD2B}.DevelopmentTest|Any CPU.ActiveCfg = DevelopmentTest|Any CPU
		{1F63D29F-E593-47F0-A304-54D62CC1AD2B}.DevelopmentTest|Any CPU.Build.0 = DevelopmentTest|Any CPU
		{1F63D29F-E593-47F0-A304-54D62CC1AD2B}.ExternalQA|Any CPU.ActiveCfg = ExternalQA|Any CPU
		{1F63D29F-E593-47F0-A304-54D62CC1AD2B}.ExternalQA|Any CPU.Build.0 = ExternalQA|Any CPU
		{1F63D29F-E593-47F0-A304-54D62CC1AD2B}.Release|Any CPU.ActiveCfg = Release|Any CPU
		{1F63D29F-E593-47F0-A304-54D62CC1AD2B}.Release|Any CPU.Build.0 = Release|Any CPU
		{1F63D29F-E593-47F0-A304-54D62CC1AD2B}.Staging|Any CPU.ActiveCfg = Staging|Any CPU
		{1F63D29F-E593-47F0-A304-54D62CC1AD2B}.Staging|Any CPU.Build.0 = Staging|Any CPU
		{1F63D29F-E593-47F0-A304-54D62CC1AD2B}.TestChrome|Any CPU.ActiveCfg = Development|Any CPU
		{1F63D29F-E593-47F0-A304-54D62CC1AD2B}.TestChrome|Any CPU.Build.0 = Development|Any CPU
		{1F63D29F-E593-47F0-A304-54D62CC1AD2B}.TestFF|Any CPU.ActiveCfg = Development|Any CPU
		{1F63D29F-E593-47F0-A304-54D62CC1AD2B}.TestFF|Any CPU.Build.0 = Development|Any CPU
		{1F63D29F-E593-47F0-A304-54D62CC1AD2B}.TestIE11|Any CPU.ActiveCfg = Development|Any CPU
		{1F63D29F-E593-47F0-A304-54D62CC1AD2B}.TestIE11|Any CPU.Build.0 = Development|Any CPU
		{E07394B9-558C-4A70-9926-6400ABB0FB5D}.Azure|Any CPU.ActiveCfg = Azure|Any CPU
		{E07394B9-558C-4A70-9926-6400ABB0FB5D}.Azure|Any CPU.Build.0 = Azure|Any CPU
		{E07394B9-558C-4A70-9926-6400ABB0FB5D}.AzureProduction|Any CPU.ActiveCfg = AzureProduction|Any CPU
		{E07394B9-558C-4A70-9926-6400ABB0FB5D}.AzureProduction|Any CPU.Build.0 = AzureProduction|Any CPU
		{E07394B9-558C-4A70-9926-6400ABB0FB5D}.Debug|Any CPU.ActiveCfg = Debug|Any CPU
		{E07394B9-558C-4A70-9926-6400ABB0FB5D}.Debug|Any CPU.Build.0 = Debug|Any CPU
		{E07394B9-558C-4A70-9926-6400ABB0FB5D}.Deploy-Dev|Any CPU.ActiveCfg = Deploy-Dev|Any CPU
		{E07394B9-558C-4A70-9926-6400ABB0FB5D}.Deploy-Dev|Any CPU.Build.0 = Deploy-Dev|Any CPU
		{E07394B9-558C-4A70-9926-6400ABB0FB5D}.Development|Any CPU.ActiveCfg = Development|Any CPU
		{E07394B9-558C-4A70-9926-6400ABB0FB5D}.Development|Any CPU.Build.0 = Development|Any CPU
		{E07394B9-558C-4A70-9926-6400ABB0FB5D}.DevelopmentTest|Any CPU.ActiveCfg = DevelopmentTest|Any CPU
		{E07394B9-558C-4A70-9926-6400ABB0FB5D}.DevelopmentTest|Any CPU.Build.0 = DevelopmentTest|Any CPU
		{E07394B9-558C-4A70-9926-6400ABB0FB5D}.ExternalQA|Any CPU.ActiveCfg = ExternalQA|Any CPU
		{E07394B9-558C-4A70-9926-6400ABB0FB5D}.ExternalQA|Any CPU.Build.0 = ExternalQA|Any CPU
		{E07394B9-558C-4A70-9926-6400ABB0FB5D}.Release|Any CPU.ActiveCfg = Release|Any CPU
		{E07394B9-558C-4A70-9926-6400ABB0FB5D}.Release|Any CPU.Build.0 = Release|Any CPU
		{E07394B9-558C-4A70-9926-6400ABB0FB5D}.Staging|Any CPU.ActiveCfg = Staging|Any CPU
		{E07394B9-558C-4A70-9926-6400ABB0FB5D}.Staging|Any CPU.Build.0 = Staging|Any CPU
		{E07394B9-558C-4A70-9926-6400ABB0FB5D}.TestChrome|Any CPU.ActiveCfg = Development|Any CPU
		{E07394B9-558C-4A70-9926-6400ABB0FB5D}.TestChrome|Any CPU.Build.0 = Development|Any CPU
		{E07394B9-558C-4A70-9926-6400ABB0FB5D}.TestFF|Any CPU.ActiveCfg = Development|Any CPU
		{E07394B9-558C-4A70-9926-6400ABB0FB5D}.TestFF|Any CPU.Build.0 = Development|Any CPU
		{E07394B9-558C-4A70-9926-6400ABB0FB5D}.TestIE11|Any CPU.ActiveCfg = Development|Any CPU
		{E07394B9-558C-4A70-9926-6400ABB0FB5D}.TestIE11|Any CPU.Build.0 = Development|Any CPU
		{C6FC692B-DFAD-4ED5-86D5-8000DBD06B02}.Azure|Any CPU.ActiveCfg = Azure|Any CPU
		{C6FC692B-DFAD-4ED5-86D5-8000DBD06B02}.Azure|Any CPU.Build.0 = Azure|Any CPU
		{C6FC692B-DFAD-4ED5-86D5-8000DBD06B02}.AzureProduction|Any CPU.ActiveCfg = AzureProduction|Any CPU
		{C6FC692B-DFAD-4ED5-86D5-8000DBD06B02}.AzureProduction|Any CPU.Build.0 = AzureProduction|Any CPU
		{C6FC692B-DFAD-4ED5-86D5-8000DBD06B02}.Debug|Any CPU.ActiveCfg = Debug|Any CPU
		{C6FC692B-DFAD-4ED5-86D5-8000DBD06B02}.Debug|Any CPU.Build.0 = Debug|Any CPU
		{C6FC692B-DFAD-4ED5-86D5-8000DBD06B02}.Deploy-Dev|Any CPU.ActiveCfg = Development|Any CPU
		{C6FC692B-DFAD-4ED5-86D5-8000DBD06B02}.Development|Any CPU.ActiveCfg = Development|Any CPU
		{C6FC692B-DFAD-4ED5-86D5-8000DBD06B02}.Development|Any CPU.Build.0 = Development|Any CPU
		{C6FC692B-DFAD-4ED5-86D5-8000DBD06B02}.DevelopmentTest|Any CPU.ActiveCfg = DevelopmentTest|Any CPU
		{C6FC692B-DFAD-4ED5-86D5-8000DBD06B02}.DevelopmentTest|Any CPU.Build.0 = DevelopmentTest|Any CPU
		{C6FC692B-DFAD-4ED5-86D5-8000DBD06B02}.ExternalQA|Any CPU.ActiveCfg = ExternalQA|Any CPU
		{C6FC692B-DFAD-4ED5-86D5-8000DBD06B02}.ExternalQA|Any CPU.Build.0 = ExternalQA|Any CPU
		{C6FC692B-DFAD-4ED5-86D5-8000DBD06B02}.Release|Any CPU.ActiveCfg = Release|Any CPU
		{C6FC692B-DFAD-4ED5-86D5-8000DBD06B02}.Release|Any CPU.Build.0 = Release|Any CPU
		{C6FC692B-DFAD-4ED5-86D5-8000DBD06B02}.Staging|Any CPU.ActiveCfg = Staging|Any CPU
		{C6FC692B-DFAD-4ED5-86D5-8000DBD06B02}.Staging|Any CPU.Build.0 = Staging|Any CPU
		{C6FC692B-DFAD-4ED5-86D5-8000DBD06B02}.TestChrome|Any CPU.ActiveCfg = TestChrome|Any CPU
		{C6FC692B-DFAD-4ED5-86D5-8000DBD06B02}.TestChrome|Any CPU.Build.0 = TestChrome|Any CPU
		{C6FC692B-DFAD-4ED5-86D5-8000DBD06B02}.TestFF|Any CPU.ActiveCfg = TestFF|Any CPU
		{C6FC692B-DFAD-4ED5-86D5-8000DBD06B02}.TestFF|Any CPU.Build.0 = TestFF|Any CPU
		{C6FC692B-DFAD-4ED5-86D5-8000DBD06B02}.TestIE11|Any CPU.ActiveCfg = TestIE11|Any CPU
		{C6FC692B-DFAD-4ED5-86D5-8000DBD06B02}.TestIE11|Any CPU.Build.0 = TestIE11|Any CPU
		{093FE583-996B-435C-A4D2-201C94AA71E0}.Azure|Any CPU.ActiveCfg = Azure|Any CPU
		{093FE583-996B-435C-A4D2-201C94AA71E0}.Azure|Any CPU.Build.0 = Azure|Any CPU
		{093FE583-996B-435C-A4D2-201C94AA71E0}.AzureProduction|Any CPU.ActiveCfg = AzureProduction|Any CPU
		{093FE583-996B-435C-A4D2-201C94AA71E0}.AzureProduction|Any CPU.Build.0 = AzureProduction|Any CPU
		{093FE583-996B-435C-A4D2-201C94AA71E0}.Debug|Any CPU.ActiveCfg = Debug|Any CPU
		{093FE583-996B-435C-A4D2-201C94AA71E0}.Debug|Any CPU.Build.0 = Debug|Any CPU
		{093FE583-996B-435C-A4D2-201C94AA71E0}.Deploy-Dev|Any CPU.ActiveCfg = Debug|Any CPU
		{093FE583-996B-435C-A4D2-201C94AA71E0}.Development|Any CPU.ActiveCfg = Development|Any CPU
		{093FE583-996B-435C-A4D2-201C94AA71E0}.Development|Any CPU.Build.0 = Development|Any CPU
		{093FE583-996B-435C-A4D2-201C94AA71E0}.DevelopmentTest|Any CPU.ActiveCfg = DevelopmentTest|Any CPU
		{093FE583-996B-435C-A4D2-201C94AA71E0}.DevelopmentTest|Any CPU.Build.0 = DevelopmentTest|Any CPU
		{093FE583-996B-435C-A4D2-201C94AA71E0}.ExternalQA|Any CPU.ActiveCfg = ExternalQA|Any CPU
		{093FE583-996B-435C-A4D2-201C94AA71E0}.ExternalQA|Any CPU.Build.0 = ExternalQA|Any CPU
		{093FE583-996B-435C-A4D2-201C94AA71E0}.Release|Any CPU.ActiveCfg = Release|Any CPU
		{093FE583-996B-435C-A4D2-201C94AA71E0}.Release|Any CPU.Build.0 = Release|Any CPU
		{093FE583-996B-435C-A4D2-201C94AA71E0}.Staging|Any CPU.ActiveCfg = Staging|Any CPU
		{093FE583-996B-435C-A4D2-201C94AA71E0}.Staging|Any CPU.Build.0 = Staging|Any CPU
		{093FE583-996B-435C-A4D2-201C94AA71E0}.TestChrome|Any CPU.ActiveCfg = TestChrome|Any CPU
		{093FE583-996B-435C-A4D2-201C94AA71E0}.TestChrome|Any CPU.Build.0 = TestChrome|Any CPU
		{093FE583-996B-435C-A4D2-201C94AA71E0}.TestFF|Any CPU.ActiveCfg = TestFF|Any CPU
		{093FE583-996B-435C-A4D2-201C94AA71E0}.TestFF|Any CPU.Build.0 = TestFF|Any CPU
		{093FE583-996B-435C-A4D2-201C94AA71E0}.TestIE11|Any CPU.ActiveCfg = TestIE11|Any CPU
		{093FE583-996B-435C-A4D2-201C94AA71E0}.TestIE11|Any CPU.Build.0 = TestIE11|Any CPU
		{D92E5D79-8D6B-410F-B9FC-0FCE46FBC116}.Azure|Any CPU.ActiveCfg = Azure|Any CPU
		{D92E5D79-8D6B-410F-B9FC-0FCE46FBC116}.Azure|Any CPU.Build.0 = Azure|Any CPU
		{D92E5D79-8D6B-410F-B9FC-0FCE46FBC116}.AzureProduction|Any CPU.ActiveCfg = AzureProduction|Any CPU
		{D92E5D79-8D6B-410F-B9FC-0FCE46FBC116}.AzureProduction|Any CPU.Build.0 = AzureProduction|Any CPU
		{D92E5D79-8D6B-410F-B9FC-0FCE46FBC116}.Debug|Any CPU.ActiveCfg = Debug|Any CPU
		{D92E5D79-8D6B-410F-B9FC-0FCE46FBC116}.Debug|Any CPU.Build.0 = Debug|Any CPU
		{D92E5D79-8D6B-410F-B9FC-0FCE46FBC116}.Deploy-Dev|Any CPU.ActiveCfg = Development|Any CPU
		{D92E5D79-8D6B-410F-B9FC-0FCE46FBC116}.Deploy-Dev|Any CPU.Build.0 = Development|Any CPU
		{D92E5D79-8D6B-410F-B9FC-0FCE46FBC116}.Development|Any CPU.ActiveCfg = Development|Any CPU
		{D92E5D79-8D6B-410F-B9FC-0FCE46FBC116}.Development|Any CPU.Build.0 = Development|Any CPU
		{D92E5D79-8D6B-410F-B9FC-0FCE46FBC116}.DevelopmentTest|Any CPU.ActiveCfg = DevelopmentTest|Any CPU
		{D92E5D79-8D6B-410F-B9FC-0FCE46FBC116}.DevelopmentTest|Any CPU.Build.0 = DevelopmentTest|Any CPU
		{D92E5D79-8D6B-410F-B9FC-0FCE46FBC116}.ExternalQA|Any CPU.ActiveCfg = ExternalQA|Any CPU
		{D92E5D79-8D6B-410F-B9FC-0FCE46FBC116}.ExternalQA|Any CPU.Build.0 = ExternalQA|Any CPU
		{D92E5D79-8D6B-410F-B9FC-0FCE46FBC116}.Release|Any CPU.ActiveCfg = Release|Any CPU
		{D92E5D79-8D6B-410F-B9FC-0FCE46FBC116}.Release|Any CPU.Build.0 = Release|Any CPU
		{D92E5D79-8D6B-410F-B9FC-0FCE46FBC116}.Staging|Any CPU.ActiveCfg = Staging|Any CPU
		{D92E5D79-8D6B-410F-B9FC-0FCE46FBC116}.Staging|Any CPU.Build.0 = Staging|Any CPU
		{D92E5D79-8D6B-410F-B9FC-0FCE46FBC116}.TestChrome|Any CPU.ActiveCfg = Development|Any CPU
		{D92E5D79-8D6B-410F-B9FC-0FCE46FBC116}.TestChrome|Any CPU.Build.0 = Development|Any CPU
		{D92E5D79-8D6B-410F-B9FC-0FCE46FBC116}.TestFF|Any CPU.ActiveCfg = Development|Any CPU
		{D92E5D79-8D6B-410F-B9FC-0FCE46FBC116}.TestFF|Any CPU.Build.0 = Development|Any CPU
		{D92E5D79-8D6B-410F-B9FC-0FCE46FBC116}.TestIE11|Any CPU.ActiveCfg = Development|Any CPU
		{D92E5D79-8D6B-410F-B9FC-0FCE46FBC116}.TestIE11|Any CPU.Build.0 = Development|Any CPU
		{CE5546D3-8819-4B25-8DDC-B02769BAB42F}.Azure|Any CPU.ActiveCfg = Release|Any CPU
		{CE5546D3-8819-4B25-8DDC-B02769BAB42F}.Azure|Any CPU.Build.0 = Release|Any CPU
		{CE5546D3-8819-4B25-8DDC-B02769BAB42F}.AzureProduction|Any CPU.ActiveCfg = Release|Any CPU
		{CE5546D3-8819-4B25-8DDC-B02769BAB42F}.AzureProduction|Any CPU.Build.0 = Release|Any CPU
		{CE5546D3-8819-4B25-8DDC-B02769BAB42F}.Debug|Any CPU.ActiveCfg = Debug|Any CPU
		{CE5546D3-8819-4B25-8DDC-B02769BAB42F}.Debug|Any CPU.Build.0 = Debug|Any CPU
		{CE5546D3-8819-4B25-8DDC-B02769BAB42F}.Deploy-Dev|Any CPU.ActiveCfg = Debug|Any CPU
		{CE5546D3-8819-4B25-8DDC-B02769BAB42F}.Deploy-Dev|Any CPU.Build.0 = Debug|Any CPU
		{CE5546D3-8819-4B25-8DDC-B02769BAB42F}.Development|Any CPU.ActiveCfg = Debug|Any CPU
		{CE5546D3-8819-4B25-8DDC-B02769BAB42F}.Development|Any CPU.Build.0 = Debug|Any CPU
		{CE5546D3-8819-4B25-8DDC-B02769BAB42F}.DevelopmentTest|Any CPU.ActiveCfg = Debug|Any CPU
		{CE5546D3-8819-4B25-8DDC-B02769BAB42F}.DevelopmentTest|Any CPU.Build.0 = Debug|Any CPU
		{CE5546D3-8819-4B25-8DDC-B02769BAB42F}.ExternalQA|Any CPU.ActiveCfg = Release|Any CPU
		{CE5546D3-8819-4B25-8DDC-B02769BAB42F}.ExternalQA|Any CPU.Build.0 = Release|Any CPU
		{CE5546D3-8819-4B25-8DDC-B02769BAB42F}.Release|Any CPU.ActiveCfg = Release|Any CPU
		{CE5546D3-8819-4B25-8DDC-B02769BAB42F}.Release|Any CPU.Build.0 = Release|Any CPU
		{CE5546D3-8819-4B25-8DDC-B02769BAB42F}.Staging|Any CPU.ActiveCfg = Release|Any CPU
		{CE5546D3-8819-4B25-8DDC-B02769BAB42F}.Staging|Any CPU.Build.0 = Release|Any CPU
		{CE5546D3-8819-4B25-8DDC-B02769BAB42F}.TestChrome|Any CPU.ActiveCfg = Release|Any CPU
		{CE5546D3-8819-4B25-8DDC-B02769BAB42F}.TestChrome|Any CPU.Build.0 = Release|Any CPU
		{CE5546D3-8819-4B25-8DDC-B02769BAB42F}.TestFF|Any CPU.ActiveCfg = Release|Any CPU
		{CE5546D3-8819-4B25-8DDC-B02769BAB42F}.TestFF|Any CPU.Build.0 = Release|Any CPU
		{CE5546D3-8819-4B25-8DDC-B02769BAB42F}.TestIE11|Any CPU.ActiveCfg = Release|Any CPU
		{CE5546D3-8819-4B25-8DDC-B02769BAB42F}.TestIE11|Any CPU.Build.0 = Release|Any CPU
		{BF77FA0D-51D3-4DB6-9ADE-D5AAD70E2625}.Azure|Any CPU.ActiveCfg = Release|Any CPU
		{BF77FA0D-51D3-4DB6-9ADE-D5AAD70E2625}.Azure|Any CPU.Build.0 = Release|Any CPU
		{BF77FA0D-51D3-4DB6-9ADE-D5AAD70E2625}.AzureProduction|Any CPU.ActiveCfg = Release|Any CPU
		{BF77FA0D-51D3-4DB6-9ADE-D5AAD70E2625}.AzureProduction|Any CPU.Build.0 = Release|Any CPU
		{BF77FA0D-51D3-4DB6-9ADE-D5AAD70E2625}.Debug|Any CPU.ActiveCfg = Debug|Any CPU
		{BF77FA0D-51D3-4DB6-9ADE-D5AAD70E2625}.Debug|Any CPU.Build.0 = Debug|Any CPU
		{BF77FA0D-51D3-4DB6-9ADE-D5AAD70E2625}.Deploy-Dev|Any CPU.ActiveCfg = Debug|Any CPU
		{BF77FA0D-51D3-4DB6-9ADE-D5AAD70E2625}.Deploy-Dev|Any CPU.Build.0 = Debug|Any CPU
		{BF77FA0D-51D3-4DB6-9ADE-D5AAD70E2625}.Development|Any CPU.ActiveCfg = Debug|Any CPU
		{BF77FA0D-51D3-4DB6-9ADE-D5AAD70E2625}.Development|Any CPU.Build.0 = Debug|Any CPU
		{BF77FA0D-51D3-4DB6-9ADE-D5AAD70E2625}.DevelopmentTest|Any CPU.ActiveCfg = Debug|Any CPU
		{BF77FA0D-51D3-4DB6-9ADE-D5AAD70E2625}.DevelopmentTest|Any CPU.Build.0 = Debug|Any CPU
		{BF77FA0D-51D3-4DB6-9ADE-D5AAD70E2625}.ExternalQA|Any CPU.ActiveCfg = Release|Any CPU
		{BF77FA0D-51D3-4DB6-9ADE-D5AAD70E2625}.ExternalQA|Any CPU.Build.0 = Release|Any CPU
		{BF77FA0D-51D3-4DB6-9ADE-D5AAD70E2625}.Release|Any CPU.ActiveCfg = Release|Any CPU
		{BF77FA0D-51D3-4DB6-9ADE-D5AAD70E2625}.Release|Any CPU.Build.0 = Release|Any CPU
		{BF77FA0D-51D3-4DB6-9ADE-D5AAD70E2625}.Staging|Any CPU.ActiveCfg = Release|Any CPU
		{BF77FA0D-51D3-4DB6-9ADE-D5AAD70E2625}.Staging|Any CPU.Build.0 = Release|Any CPU
		{BF77FA0D-51D3-4DB6-9ADE-D5AAD70E2625}.TestChrome|Any CPU.ActiveCfg = Release|Any CPU
		{BF77FA0D-51D3-4DB6-9ADE-D5AAD70E2625}.TestChrome|Any CPU.Build.0 = Release|Any CPU
		{BF77FA0D-51D3-4DB6-9ADE-D5AAD70E2625}.TestFF|Any CPU.ActiveCfg = Release|Any CPU
		{BF77FA0D-51D3-4DB6-9ADE-D5AAD70E2625}.TestFF|Any CPU.Build.0 = Release|Any CPU
		{BF77FA0D-51D3-4DB6-9ADE-D5AAD70E2625}.TestIE11|Any CPU.ActiveCfg = Release|Any CPU
		{BF77FA0D-51D3-4DB6-9ADE-D5AAD70E2625}.TestIE11|Any CPU.Build.0 = Release|Any CPU
	EndGlobalSection
	GlobalSection(SolutionProperties) = preSolution
		HideSolutionNode = FALSE
	EndGlobalSection
	GlobalSection(NestedProjects) = preSolution
		{CBD7FD9B-1526-4D29-B3D5-099EBA2270B3} = {297EC5B7-8C7C-4ED5-A636-426A66F7DFA9}
		{45E92516-04B1-4A5F-BAC8-899A57D78ED3} = {297EC5B7-8C7C-4ED5-A636-426A66F7DFA9}
		{B92AB6C6-3114-4A39-AB3A-6817E138E06C} = {297EC5B7-8C7C-4ED5-A636-426A66F7DFA9}
		{DA661AA0-3313-4C2D-81A9-C1A2B74F7317} = {242883A9-BDB4-4F49-BF8E-E80D49F9D8DF}
		{D9C5606D-3855-44A0-BDB3-98D963D63FCF} = {242883A9-BDB4-4F49-BF8E-E80D49F9D8DF}
		{6E972BA4-C333-4441-A9DE-CEDB0AA3C7FF} = {242883A9-BDB4-4F49-BF8E-E80D49F9D8DF}
		{550F0C4A-34AB-49E5-83DD-19D3D77AF3C5} = {242883A9-BDB4-4F49-BF8E-E80D49F9D8DF}
		{6611930D-880E-455C-8681-E0E2A33CF5A9} = {45E92516-04B1-4A5F-BAC8-899A57D78ED3}
		{8B48F02F-79E6-45CF-8DE3-BF9085D4C3A2} = {45E92516-04B1-4A5F-BAC8-899A57D78ED3}
		{3D4343C8-1CF9-4AAB-B458-C2AC52E4A47A} = {45E92516-04B1-4A5F-BAC8-899A57D78ED3}
		{F75814B0-ADE3-4E55-B44D-2EE966C41344} = {45E92516-04B1-4A5F-BAC8-899A57D78ED3}
		{AFFE7B8B-3294-4DD3-990D-7DA5E256C987} = {B92AB6C6-3114-4A39-AB3A-6817E138E06C}
		{8AD6F857-708C-4B5E-98BC-B3206E7DD918} = {B92AB6C6-3114-4A39-AB3A-6817E138E06C}
		{1F63D29F-E593-47F0-A304-54D62CC1AD2B} = {CBD7FD9B-1526-4D29-B3D5-099EBA2270B3}
		{E07394B9-558C-4A70-9926-6400ABB0FB5D} = {6C7309B3-8445-4C35-ADBD-0B0A47A4C3BF}
		{C6FC692B-DFAD-4ED5-86D5-8000DBD06B02} = {6C7309B3-8445-4C35-ADBD-0B0A47A4C3BF}
		{093FE583-996B-435C-A4D2-201C94AA71E0} = {32491241-8526-4D7E-8332-318DDF738FBA}
		{D92E5D79-8D6B-410F-B9FC-0FCE46FBC116} = {CBD7FD9B-1526-4D29-B3D5-099EBA2270B3}
		{CE5546D3-8819-4B25-8DDC-B02769BAB42F} = {F5595798-28B5-44CA-AFE8-679919396C33}
		{BF77FA0D-51D3-4DB6-9ADE-D5AAD70E2625} = {F5595798-28B5-44CA-AFE8-679919396C33}
	EndGlobalSection
	GlobalSection(ExtensibilityGlobals) = postSolution
		EnterpriseLibraryConfigurationToolBinariesPathV6 = packages\EnterpriseLibrary.Common.6.0.1304.0\lib\NET45;packages\EnterpriseLibrary.Logging.6.0.1304.0\lib\NET45
		SolutionGuid = {4B7BEB0E-C314-4215-8F22-59E3B8655722}
	EndGlobalSection
	GlobalSection(CodealikeProperties) = postSolution
		SolutionGuid = 26bdd0af-3b1d-458d-a138-31fef424d65b
	EndGlobalSection
EndGlobal
